// !$*UTF8*$!
{
	archiveVersion = 1;
	classes = {
	};
	objectVersion = 56;
	objects = {

/* Begin PBXBuildFile section */
		6B3324C42DCE8F51009D2DAD /* Bundle+Extensions.swift in Sources */ = {isa = PBXBuildFile; fileRef = 6B3324C32DCE8F4A009D2DAD /* Bundle+Extensions.swift */; };
		6B4D8BBE2DC0C93B00103278 /* PasstifyApp.swift in Sources */ = {isa = PBXBuildFile; fileRef = 6B4D8BBD2DC0C93B00103278 /* PasstifyApp.swift */; };
		6B4D8BC22DC0C93D00103278 /* Assets.xcassets in Resources */ = {isa = PBXBuildFile; fileRef = 6B4D8BC12DC0C93D00103278 /* Assets.xcassets */; };
		6B4D8BC52DC0C93D00103278 /* Preview Assets.xcassets in Resources */ = {isa = PBXBuildFile; fileRef = 6B4D8BC42DC0C93D00103278 /* Preview Assets.xcassets */; };
		6B4D8BCF2DC0C93E00103278 /* PasstifyTests.swift in Sources */ = {isa = PBXBuildFile; fileRef = 6B4D8BCE2DC0C93E00103278 /* PasstifyTests.swift */; };
		6B4D8BD92DC0C93E00103278 /* PasstifyUITests.swift in Sources */ = {isa = PBXBuildFile; fileRef = 6B4D8BD82DC0C93E00103278 /* PasstifyUITests.swift */; };
		6B4D8BDB2DC0C93E00103278 /* PasstifyUITestsLaunchTests.swift in Sources */ = {isa = PBXBuildFile; fileRef = 6B4D8BDA2DC0C93E00103278 /* PasstifyUITestsLaunchTests.swift */; };
		6B6F95482DC0CEDC00C689FE /* CoordinatorAssembly.swift in Sources */ = {isa = PBXBuildFile; fileRef = 6B6F95452DC0CEDC00C689FE /* CoordinatorAssembly.swift */; };
		6B6F95492DC0CEDC00C689FE /* AppRootCoordinator.swift in Sources */ = {isa = PBXBuildFile; fileRef = 6B6F95462DC0CEDC00C689FE /* AppRootCoordinator.swift */; };
		6B6F954A2DC0CEDC00C689FE /* AppRootCoordinatorView.swift in Sources */ = {isa = PBXBuildFile; fileRef = 6B6F95472DC0CEDC00C689FE /* AppRootCoordinatorView.swift */; };
		6B6F95502DC0CEF100C689FE /* ServiceAssembly.swift in Sources */ = {isa = PBXBuildFile; fileRef = 6B6F954C2DC0CEF100C689FE /* ServiceAssembly.swift */; };
		6B6F95512DC0CEF100C689FE /* AppAssembler.swift in Sources */ = {isa = PBXBuildFile; fileRef = 6B6F954D2DC0CEF100C689FE /* AppAssembler.swift */; };
		6B6F95522DC0CEF100C689FE /* ViewModel.swift in Sources */ = {isa = PBXBuildFile; fileRef = 6B6F954E2DC0CEF100C689FE /* ViewModel.swift */; };
		6B6F95532DC0CEF100C689FE /* ViewModelAssembly.swift in Sources */ = {isa = PBXBuildFile; fileRef = 6B6F954F2DC0CEF100C689FE /* ViewModelAssembly.swift */; };
		6B6F95592DC0CF3F00C689FE /* Swinject in Frameworks */ = {isa = PBXBuildFile; productRef = 6B6F95582DC0CF3F00C689FE /* Swinject */; };
		6B6F95622DC0D14800C689FE /* Resolver+Extensions.swift in Sources */ = {isa = PBXBuildFile; fileRef = 6B6F95612DC0D14800C689FE /* Resolver+Extensions.swift */; };
		6B6F95702DC0DC6B00C689FE /* AuthService.swift in Sources */ = {isa = PBXBuildFile; fileRef = 6B6F956F2DC0DC6B00C689FE /* AuthService.swift */; };
		6B7239752DCB16F100F46D1E /* DeletedPasswordListView.swift in Sources */ = {isa = PBXBuildFile; fileRef = 6B7239742DCB16F100F46D1E /* DeletedPasswordListView.swift */; };
		6B7239762DCB16F100F46D1E /* DeletedPasswordListViewModel.swift in Sources */ = {isa = PBXBuildFile; fileRef = 6B7239732DCB16F100F46D1E /* DeletedPasswordListViewModel.swift */; };
		6B72397C2DCB1D9300F46D1E /* DetailDeletedPasswordViewModel.swift in Sources */ = {isa = PBXBuildFile; fileRef = 6B72397A2DCB1D9300F46D1E /* DetailDeletedPasswordViewModel.swift */; };
		6B72397D2DCB1D9300F46D1E /* DetailDeletedPasswordView.swift in Sources */ = {isa = PBXBuildFile; fileRef = 6B72397B2DCB1D9300F46D1E /* DetailDeletedPasswordView.swift */; };
		6B7239802DCB478D00F46D1E /* AuthenticationView.swift in Sources */ = {isa = PBXBuildFile; fileRef = 6B72397F2DCB478D00F46D1E /* AuthenticationView.swift */; };
		6B7239882DCB527500F46D1E /* AuthenticationViewModel.swift in Sources */ = {isa = PBXBuildFile; fileRef = 6B7239872DCB526E00F46D1E /* AuthenticationViewModel.swift */; };
		6B89AA4D2DC14F0200A6A90D /* UIApplication+Extensions.swift in Sources */ = {isa = PBXBuildFile; fileRef = 6B89AA4C2DC14EF700A6A90D /* UIApplication+Extensions.swift */; };
		6B89AA522DC155E500A6A90D /* SignInError.swift in Sources */ = {isa = PBXBuildFile; fileRef = 6B89AA512DC155E300A6A90D /* SignInError.swift */; };
		6B89AA602DC2072C00A6A90D /* HomeViewModel.swift in Sources */ = {isa = PBXBuildFile; fileRef = 6B89AA5F2DC2072900A6A90D /* HomeViewModel.swift */; };
		6B89AA622DC2073A00A6A90D /* HomeView.swift in Sources */ = {isa = PBXBuildFile; fileRef = 6B89AA612DC2073A00A6A90D /* HomeView.swift */; };
		6B89AA642DC31F9300A6A90D /* HomeListItemView.swift in Sources */ = {isa = PBXBuildFile; fileRef = 6B89AA632DC31F8F00A6A90D /* HomeListItemView.swift */; };
		6B89AA662DC3257800A6A90D /* HomeItemCategoryModel.swift in Sources */ = {isa = PBXBuildFile; fileRef = 6B89AA652DC3257800A6A90D /* HomeItemCategoryModel.swift */; };
		6B89AA692DC32A2200A6A90D /* PasswordListViewModel.swift in Sources */ = {isa = PBXBuildFile; fileRef = 6B89AA682DC32A1800A6A90D /* PasswordListViewModel.swift */; };
		6B89AA6B2DC32A3200A6A90D /* PasswordListView.swift in Sources */ = {isa = PBXBuildFile; fileRef = 6B89AA6A2DC32A3200A6A90D /* PasswordListView.swift */; };
		6B89AA6E2DC32CD600A6A90D /* NewPasswordViewModel.swift in Sources */ = {isa = PBXBuildFile; fileRef = 6B89AA6D2DC32CD100A6A90D /* NewPasswordViewModel.swift */; };
		6B89AA702DC32CE000A6A90D /* NewPasswordView.swift in Sources */ = {isa = PBXBuildFile; fileRef = 6B89AA6F2DC32CE000A6A90D /* NewPasswordView.swift */; };
		6B89AA722DC3424700A6A90D /* PasswordItemModel.swift in Sources */ = {isa = PBXBuildFile; fileRef = 6B89AA712DC3424300A6A90D /* PasswordItemModel.swift */; };
		6B89AA742DC3428D00A6A90D /* PasswordListItemView.swift in Sources */ = {isa = PBXBuildFile; fileRef = 6B89AA732DC3427900A6A90D /* PasswordListItemView.swift */; };
		6BAA74552DD3B2170007B773 /* LocalizationManager.swift in Sources */ = {isa = PBXBuildFile; fileRef = 6BAA74542DD3B2160007B773 /* LocalizationManager.swift */; };
		6BAA74622DD3B8A20007B773 /* Localizable.strings in Resources */ = {isa = PBXBuildFile; fileRef = 6BAA74612DD3B8A20007B773 /* Localizable.strings */; };
		6BAA74692DD4FF660007B773 /* String+Extensions.swift in Sources */ = {isa = PBXBuildFile; fileRef = 6BAA74682DD4FF550007B773 /* String+Extensions.swift */; };
		6BCF43352DC137B500269B4B /* AppDelegate.swift in Sources */ = {isa = PBXBuildFile; fileRef = 6BCF43342DC137AA00269B4B /* AppDelegate.swift */; };
		6BCF43372DC1416D00269B4B /* GoogleService-Info.plist in Resources */ = {isa = PBXBuildFile; fileRef = 6BCF43362DC1416D00269B4B /* GoogleService-Info.plist */; };
		6BD94B2A2DC86CD2005BF242 /* CryptoManager.swift in Sources */ = {isa = PBXBuildFile; fileRef = 6BD94B292DC86CCE005BF242 /* CryptoManager.swift */; };
		6BD94B2C2DC86D2D005BF242 /* FileServices.swift in Sources */ = {isa = PBXBuildFile; fileRef = 6BD94B2B2DC86D24005BF242 /* FileServices.swift */; };
		6BD94B2F2DC86F81005BF242 /* ZIPFoundation in Frameworks */ = {isa = PBXBuildFile; productRef = 6BD94B2E2DC86F81005BF242 /* ZIPFoundation */; };
		6BD94B352DC8AFF6005BF242 /* View+Extensions.swift in Sources */ = {isa = PBXBuildFile; fileRef = 6BD94B342DC8AFEE005BF242 /* View+Extensions.swift */; };
		6BD94B382DC8B808005BF242 /* DetailPasswordViewModel.swift in Sources */ = {isa = PBXBuildFile; fileRef = 6BD94B372DC8B7F7005BF242 /* DetailPasswordViewModel.swift */; };
		6BD94B3A2DC8B829005BF242 /* DetailPasswordView.swift in Sources */ = {isa = PBXBuildFile; fileRef = 6BD94B392DC8B829005BF242 /* DetailPasswordView.swift */; };
		6BF224AA2DC38BC00077F204 /* PasswordService.swift in Sources */ = {isa = PBXBuildFile; fileRef = 6BF224A92DC38BB10077F204 /* PasswordService.swift */; };
		6BF473972DCE404100CA10B3 /* PasswordListEmptyView.swift in Sources */ = {isa = PBXBuildFile; fileRef = 6BF473962DCE404100CA10B3 /* PasswordListEmptyView.swift */; };
		6BF473992DCE407500CA10B3 /* PasswordListCardItemView.swift in Sources */ = {isa = PBXBuildFile; fileRef = 6BF473982DCE407500CA10B3 /* PasswordListCardItemView.swift */; };
		6BF4739B2DCE41BF00CA10B3 /* DeletedPasswordListEmptyView.swift in Sources */ = {isa = PBXBuildFile; fileRef = 6BF4739A2DCE41BF00CA10B3 /* DeletedPasswordListEmptyView.swift */; };
		6BF4739E2DCE528000CA10B3 /* OverlayToastView.swift in Sources */ = {isa = PBXBuildFile; fileRef = 6BF4739D2DCE528000CA10B3 /* OverlayToastView.swift */; };
		6BF473A12DCE560D00CA10B3 /* ToastManager.swift in Sources */ = {isa = PBXBuildFile; fileRef = 6BF473A02DCE560D00CA10B3 /* ToastManager.swift */; };
		6BF473A32DCE5A6C00CA10B3 /* ExportError.swift in Sources */ = {isa = PBXBuildFile; fileRef = 6BF473A22DCE5A6700CA10B3 /* ExportError.swift */; };
/* End PBXBuildFile section */

/* Begin PBXContainerItemProxy section */
		6B4D8BCB2DC0C93E00103278 /* PBXContainerItemProxy */ = {
			isa = PBXContainerItemProxy;
			containerPortal = 6B4D8BB22DC0C93B00103278 /* Project object */;
			proxyType = 1;
			remoteGlobalIDString = 6B4D8BB92DC0C93B00103278;
			remoteInfo = Passtify;
		};
		6B4D8BD52DC0C93E00103278 /* PBXContainerItemProxy */ = {
			isa = PBXContainerItemProxy;
			containerPortal = 6B4D8BB22DC0C93B00103278 /* Project object */;
			proxyType = 1;
			remoteGlobalIDString = 6B4D8BB92DC0C93B00103278;
			remoteInfo = Passtify;
		};
/* End PBXContainerItemProxy section */

/* Begin PBXFileReference section */
		6B3324C32DCE8F4A009D2DAD /* Bundle+Extensions.swift */ = {isa = PBXFileReference; lastKnownFileType = sourcecode.swift; path = "Bundle+Extensions.swift"; sourceTree = "<group>"; };
		6B4D8BBA2DC0C93B00103278 /* Passtify.app */ = {isa = PBXFileReference; explicitFileType = wrapper.application; includeInIndex = 0; path = Passtify.app; sourceTree = BUILT_PRODUCTS_DIR; };
		6B4D8BBD2DC0C93B00103278 /* PasstifyApp.swift */ = {isa = PBXFileReference; lastKnownFileType = sourcecode.swift; path = PasstifyApp.swift; sourceTree = "<group>"; };
		6B4D8BC12DC0C93D00103278 /* Assets.xcassets */ = {isa = PBXFileReference; lastKnownFileType = folder.assetcatalog; path = Assets.xcassets; sourceTree = "<group>"; };
		6B4D8BC42DC0C93D00103278 /* Preview Assets.xcassets */ = {isa = PBXFileReference; lastKnownFileType = folder.assetcatalog; path = "Preview Assets.xcassets"; sourceTree = "<group>"; };
		6B4D8BCA2DC0C93E00103278 /* PasstifyTests.xctest */ = {isa = PBXFileReference; explicitFileType = wrapper.cfbundle; includeInIndex = 0; path = PasstifyTests.xctest; sourceTree = BUILT_PRODUCTS_DIR; };
		6B4D8BCE2DC0C93E00103278 /* PasstifyTests.swift */ = {isa = PBXFileReference; lastKnownFileType = sourcecode.swift; path = PasstifyTests.swift; sourceTree = "<group>"; };
		6B4D8BD42DC0C93E00103278 /* PasstifyUITests.xctest */ = {isa = PBXFileReference; explicitFileType = wrapper.cfbundle; includeInIndex = 0; path = PasstifyUITests.xctest; sourceTree = BUILT_PRODUCTS_DIR; };
		6B4D8BD82DC0C93E00103278 /* PasstifyUITests.swift */ = {isa = PBXFileReference; lastKnownFileType = sourcecode.swift; path = PasstifyUITests.swift; sourceTree = "<group>"; };
		6B4D8BDA2DC0C93E00103278 /* PasstifyUITestsLaunchTests.swift */ = {isa = PBXFileReference; lastKnownFileType = sourcecode.swift; path = PasstifyUITestsLaunchTests.swift; sourceTree = "<group>"; };
		6B6F95452DC0CEDC00C689FE /* CoordinatorAssembly.swift */ = {isa = PBXFileReference; fileEncoding = 4; lastKnownFileType = sourcecode.swift; path = CoordinatorAssembly.swift; sourceTree = "<group>"; };
		6B6F95462DC0CEDC00C689FE /* AppRootCoordinator.swift */ = {isa = PBXFileReference; fileEncoding = 4; lastKnownFileType = sourcecode.swift; path = AppRootCoordinator.swift; sourceTree = "<group>"; };
		6B6F95472DC0CEDC00C689FE /* AppRootCoordinatorView.swift */ = {isa = PBXFileReference; fileEncoding = 4; lastKnownFileType = sourcecode.swift; path = AppRootCoordinatorView.swift; sourceTree = "<group>"; };
		6B6F954C2DC0CEF100C689FE /* ServiceAssembly.swift */ = {isa = PBXFileReference; fileEncoding = 4; lastKnownFileType = sourcecode.swift; path = ServiceAssembly.swift; sourceTree = "<group>"; };
		6B6F954D2DC0CEF100C689FE /* AppAssembler.swift */ = {isa = PBXFileReference; fileEncoding = 4; lastKnownFileType = sourcecode.swift; path = AppAssembler.swift; sourceTree = "<group>"; };
		6B6F954E2DC0CEF100C689FE /* ViewModel.swift */ = {isa = PBXFileReference; fileEncoding = 4; lastKnownFileType = sourcecode.swift; path = ViewModel.swift; sourceTree = "<group>"; };
		6B6F954F2DC0CEF100C689FE /* ViewModelAssembly.swift */ = {isa = PBXFileReference; fileEncoding = 4; lastKnownFileType = sourcecode.swift; path = ViewModelAssembly.swift; sourceTree = "<group>"; };
		6B6F95612DC0D14800C689FE /* Resolver+Extensions.swift */ = {isa = PBXFileReference; fileEncoding = 4; lastKnownFileType = sourcecode.swift; path = "Resolver+Extensions.swift"; sourceTree = "<group>"; };
		6B6F956F2DC0DC6B00C689FE /* AuthService.swift */ = {isa = PBXFileReference; lastKnownFileType = sourcecode.swift; path = AuthService.swift; sourceTree = "<group>"; };
		6B7239732DCB16F100F46D1E /* DeletedPasswordListViewModel.swift */ = {isa = PBXFileReference; lastKnownFileType = sourcecode.swift; path = DeletedPasswordListViewModel.swift; sourceTree = "<group>"; };
		6B7239742DCB16F100F46D1E /* DeletedPasswordListView.swift */ = {isa = PBXFileReference; lastKnownFileType = sourcecode.swift; path = DeletedPasswordListView.swift; sourceTree = "<group>"; };
		6B72397A2DCB1D9300F46D1E /* DetailDeletedPasswordViewModel.swift */ = {isa = PBXFileReference; lastKnownFileType = sourcecode.swift; path = DetailDeletedPasswordViewModel.swift; sourceTree = "<group>"; };
		6B72397B2DCB1D9300F46D1E /* DetailDeletedPasswordView.swift */ = {isa = PBXFileReference; lastKnownFileType = sourcecode.swift; path = DetailDeletedPasswordView.swift; sourceTree = "<group>"; };
		6B72397F2DCB478D00F46D1E /* AuthenticationView.swift */ = {isa = PBXFileReference; lastKnownFileType = sourcecode.swift; path = AuthenticationView.swift; sourceTree = "<group>"; };
		6B7239852DCB4ABC00F46D1E /* Info.plist */ = {isa = PBXFileReference; lastKnownFileType = text.plist.xml; path = Info.plist; sourceTree = "<group>"; };
		6B7239872DCB526E00F46D1E /* AuthenticationViewModel.swift */ = {isa = PBXFileReference; lastKnownFileType = sourcecode.swift; path = AuthenticationViewModel.swift; sourceTree = "<group>"; };
		6B89AA4C2DC14EF700A6A90D /* UIApplication+Extensions.swift */ = {isa = PBXFileReference; lastKnownFileType = sourcecode.swift; path = "UIApplication+Extensions.swift"; sourceTree = "<group>"; };
		6B89AA512DC155E300A6A90D /* SignInError.swift */ = {isa = PBXFileReference; lastKnownFileType = sourcecode.swift; path = SignInError.swift; sourceTree = "<group>"; };
		6B89AA5F2DC2072900A6A90D /* HomeViewModel.swift */ = {isa = PBXFileReference; lastKnownFileType = sourcecode.swift; path = HomeViewModel.swift; sourceTree = "<group>"; };
		6B89AA612DC2073A00A6A90D /* HomeView.swift */ = {isa = PBXFileReference; lastKnownFileType = sourcecode.swift; path = HomeView.swift; sourceTree = "<group>"; };
		6B89AA632DC31F8F00A6A90D /* HomeListItemView.swift */ = {isa = PBXFileReference; lastKnownFileType = sourcecode.swift; path = HomeListItemView.swift; sourceTree = "<group>"; };
		6B89AA652DC3257800A6A90D /* HomeItemCategoryModel.swift */ = {isa = PBXFileReference; lastKnownFileType = sourcecode.swift; path = HomeItemCategoryModel.swift; sourceTree = "<group>"; };
		6B89AA682DC32A1800A6A90D /* PasswordListViewModel.swift */ = {isa = PBXFileReference; lastKnownFileType = sourcecode.swift; path = PasswordListViewModel.swift; sourceTree = "<group>"; };
		6B89AA6A2DC32A3200A6A90D /* PasswordListView.swift */ = {isa = PBXFileReference; lastKnownFileType = sourcecode.swift; path = PasswordListView.swift; sourceTree = "<group>"; };
		6B89AA6D2DC32CD100A6A90D /* NewPasswordViewModel.swift */ = {isa = PBXFileReference; lastKnownFileType = sourcecode.swift; path = NewPasswordViewModel.swift; sourceTree = "<group>"; };
		6B89AA6F2DC32CE000A6A90D /* NewPasswordView.swift */ = {isa = PBXFileReference; lastKnownFileType = sourcecode.swift; path = NewPasswordView.swift; sourceTree = "<group>"; };
		6B89AA712DC3424300A6A90D /* PasswordItemModel.swift */ = {isa = PBXFileReference; lastKnownFileType = sourcecode.swift; path = PasswordItemModel.swift; sourceTree = "<group>"; };
		6B89AA732DC3427900A6A90D /* PasswordListItemView.swift */ = {isa = PBXFileReference; lastKnownFileType = sourcecode.swift; path = PasswordListItemView.swift; sourceTree = "<group>"; };
		6BAA74542DD3B2160007B773 /* LocalizationManager.swift */ = {isa = PBXFileReference; lastKnownFileType = sourcecode.swift; path = LocalizationManager.swift; sourceTree = "<group>"; };
		6BAA74602DD3B8A20007B773 /* vi */ = {isa = PBXFileReference; lastKnownFileType = text.plist.strings; name = vi; path = vi.lproj/Localizable.strings; sourceTree = "<group>"; };
		6BAA74632DD3B8A40007B773 /* en */ = {isa = PBXFileReference; lastKnownFileType = text.plist.strings; name = en; path = en.lproj/Localizable.strings; sourceTree = "<group>"; };
		6BAA74682DD4FF550007B773 /* String+Extensions.swift */ = {isa = PBXFileReference; lastKnownFileType = sourcecode.swift; path = "String+Extensions.swift"; sourceTree = "<group>"; };
		6BCF43342DC137AA00269B4B /* AppDelegate.swift */ = {isa = PBXFileReference; lastKnownFileType = sourcecode.swift; path = AppDelegate.swift; sourceTree = "<group>"; };
		6BCF43362DC1416D00269B4B /* GoogleService-Info.plist */ = {isa = PBXFileReference; lastKnownFileType = text.plist.xml; path = "GoogleService-Info.plist"; sourceTree = "<group>"; };
		6BD94B292DC86CCE005BF242 /* CryptoManager.swift */ = {isa = PBXFileReference; lastKnownFileType = sourcecode.swift; path = CryptoManager.swift; sourceTree = "<group>"; };
		6BD94B2B2DC86D24005BF242 /* FileServices.swift */ = {isa = PBXFileReference; lastKnownFileType = sourcecode.swift; path = FileServices.swift; sourceTree = "<group>"; };
		6BD94B342DC8AFEE005BF242 /* View+Extensions.swift */ = {isa = PBXFileReference; lastKnownFileType = sourcecode.swift; path = "View+Extensions.swift"; sourceTree = "<group>"; };
		6BD94B372DC8B7F7005BF242 /* DetailPasswordViewModel.swift */ = {isa = PBXFileReference; lastKnownFileType = sourcecode.swift; path = DetailPasswordViewModel.swift; sourceTree = "<group>"; };
		6BD94B392DC8B829005BF242 /* DetailPasswordView.swift */ = {isa = PBXFileReference; lastKnownFileType = sourcecode.swift; path = DetailPasswordView.swift; sourceTree = "<group>"; };
		6BF224A92DC38BB10077F204 /* PasswordService.swift */ = {isa = PBXFileReference; lastKnownFileType = sourcecode.swift; path = PasswordService.swift; sourceTree = "<group>"; };
		6BF473962DCE404100CA10B3 /* PasswordListEmptyView.swift */ = {isa = PBXFileReference; lastKnownFileType = sourcecode.swift; path = PasswordListEmptyView.swift; sourceTree = "<group>"; };
		6BF473982DCE407500CA10B3 /* PasswordListCardItemView.swift */ = {isa = PBXFileReference; lastKnownFileType = sourcecode.swift; path = PasswordListCardItemView.swift; sourceTree = "<group>"; };
		6BF4739A2DCE41BF00CA10B3 /* DeletedPasswordListEmptyView.swift */ = {isa = PBXFileReference; lastKnownFileType = sourcecode.swift; path = DeletedPasswordListEmptyView.swift; sourceTree = "<group>"; };
		6BF4739D2DCE528000CA10B3 /* OverlayToastView.swift */ = {isa = PBXFileReference; lastKnownFileType = sourcecode.swift; path = OverlayToastView.swift; sourceTree = "<group>"; };
		6BF473A02DCE560D00CA10B3 /* ToastManager.swift */ = {isa = PBXFileReference; lastKnownFileType = sourcecode.swift; path = ToastManager.swift; sourceTree = "<group>"; };
		6BF473A22DCE5A6700CA10B3 /* ExportError.swift */ = {isa = PBXFileReference; lastKnownFileType = sourcecode.swift; path = ExportError.swift; sourceTree = "<group>"; };
/* End PBXFileReference section */

/* Begin PBXFrameworksBuildPhase section */
		6B4D8BB72DC0C93B00103278 /* Frameworks */ = {
			isa = PBXFrameworksBuildPhase;
			buildActionMask = 2147483647;
			files = (
				6B6F95592DC0CF3F00C689FE /* Swinject in Frameworks */,
				6BD94B2F2DC86F81005BF242 /* ZIPFoundation in Frameworks */,
			);
			runOnlyForDeploymentPostprocessing = 0;
		};
		6B4D8BC72DC0C93E00103278 /* Frameworks */ = {
			isa = PBXFrameworksBuildPhase;
			buildActionMask = 2147483647;
			files = (
			);
			runOnlyForDeploymentPostprocessing = 0;
		};
		6B4D8BD12DC0C93E00103278 /* Frameworks */ = {
			isa = PBXFrameworksBuildPhase;
			buildActionMask = 2147483647;
			files = (
			);
			runOnlyForDeploymentPostprocessing = 0;
		};
/* End PBXFrameworksBuildPhase section */

/* Begin PBXGroup section */
		6B4D8BB12DC0C93B00103278 = {
			isa = PBXGroup;
			children = (
				6B4D8BBC2DC0C93B00103278 /* Passtify */,
				6B4D8BCD2DC0C93E00103278 /* PasstifyTests */,
				6B4D8BD72DC0C93E00103278 /* PasstifyUITests */,
				6BC1A3522DC135A200D01D3B /* Frameworks */,
				6B4D8BBB2DC0C93B00103278 /* Products */,
			);
			sourceTree = "<group>";
		};
		6B4D8BBB2DC0C93B00103278 /* Products */ = {
			isa = PBXGroup;
			children = (
				6B4D8BBA2DC0C93B00103278 /* Passtify.app */,
				6B4D8BCA2DC0C93E00103278 /* PasstifyTests.xctest */,
				6B4D8BD42DC0C93E00103278 /* PasstifyUITests.xctest */,
			);
			name = Products;
			sourceTree = "<group>";
		};
		6B4D8BBC2DC0C93B00103278 /* Passtify */ = {
			isa = PBXGroup;
			children = (
				6BAA74512DD3B1D90007B773 /* Localizable */,
				6BF4739C2DCE527B00CA10B3 /* Helper */,
				6B7239852DCB4ABC00F46D1E /* Info.plist */,
				6B89AA532DC1FDB800A6A90D /* Models */,
				6B89AA502DC155D200A6A90D /* Errors */,
				6B89AA492DC14E8E00A6A90D /* Ultils */,
				6BCF43362DC1416D00269B4B /* GoogleService-Info.plist */,
				6B4D8BBD2DC0C93B00103278 /* PasstifyApp.swift */,
				6BCF43342DC137AA00269B4B /* AppDelegate.swift */,
				6B6F956E2DC0DBFA00C689FE /* Services */,
				6B6F955A2DC0CFA100C689FE /* Views */,
				6B6F954B2DC0CEF100C689FE /* Architecture */,
				6B6F95442DC0CEDC00C689FE /* AppCoordinator */,
				6B6F95602DC0D14800C689FE /* Extensions */,
				6B4D8BC12DC0C93D00103278 /* Assets.xcassets */,
				6B4D8BC32DC0C93D00103278 /* Preview Content */,
			);
			path = Passtify;
			sourceTree = "<group>";
		};
		6B4D8BC32DC0C93D00103278 /* Preview Content */ = {
			isa = PBXGroup;
			children = (
				6B4D8BC42DC0C93D00103278 /* Preview Assets.xcassets */,
			);
			path = "Preview Content";
			sourceTree = "<group>";
		};
		6B4D8BCD2DC0C93E00103278 /* PasstifyTests */ = {
			isa = PBXGroup;
			children = (
				6B4D8BCE2DC0C93E00103278 /* PasstifyTests.swift */,
			);
			path = PasstifyTests;
			sourceTree = "<group>";
		};
		6B4D8BD72DC0C93E00103278 /* PasstifyUITests */ = {
			isa = PBXGroup;
			children = (
				6B4D8BD82DC0C93E00103278 /* PasstifyUITests.swift */,
				6B4D8BDA2DC0C93E00103278 /* PasstifyUITestsLaunchTests.swift */,
			);
			path = PasstifyUITests;
			sourceTree = "<group>";
		};
		6B6F95442DC0CEDC00C689FE /* AppCoordinator */ = {
			isa = PBXGroup;
			children = (
				6B6F95452DC0CEDC00C689FE /* CoordinatorAssembly.swift */,
				6B6F95462DC0CEDC00C689FE /* AppRootCoordinator.swift */,
				6B6F95472DC0CEDC00C689FE /* AppRootCoordinatorView.swift */,
			);
			path = AppCoordinator;
			sourceTree = "<group>";
		};
		6B6F954B2DC0CEF100C689FE /* Architecture */ = {
			isa = PBXGroup;
			children = (
				6B6F954C2DC0CEF100C689FE /* ServiceAssembly.swift */,
				6B6F954D2DC0CEF100C689FE /* AppAssembler.swift */,
				6B6F954E2DC0CEF100C689FE /* ViewModel.swift */,
				6B6F954F2DC0CEF100C689FE /* ViewModelAssembly.swift */,
			);
			path = Architecture;
			sourceTree = "<group>";
		};
		6B6F955A2DC0CFA100C689FE /* Views */ = {
			isa = PBXGroup;
			children = (
				6B72397E2DCB472600F46D1E /* Authentication */,
				6B89AA672DC32A0000A6A90D /* Password */,
				6B89AA5E2DC2072400A6A90D /* Home */,
			);
			path = Views;
			sourceTree = "<group>";
		};
		6B6F95602DC0D14800C689FE /* Extensions */ = {
			isa = PBXGroup;
			children = (
				6BAA74682DD4FF550007B773 /* String+Extensions.swift */,
				6B3324C32DCE8F4A009D2DAD /* Bundle+Extensions.swift */,
				6BD94B342DC8AFEE005BF242 /* View+Extensions.swift */,
				6B89AA4C2DC14EF700A6A90D /* UIApplication+Extensions.swift */,
				6B6F95612DC0D14800C689FE /* Resolver+Extensions.swift */,
			);
			path = Extensions;
			sourceTree = "<group>";
		};
		6B6F956E2DC0DBFA00C689FE /* Services */ = {
			isa = PBXGroup;
			children = (
				6BD94B2B2DC86D24005BF242 /* FileServices.swift */,
				6BF224A92DC38BB10077F204 /* PasswordService.swift */,
				6B6F956F2DC0DC6B00C689FE /* AuthService.swift */,
			);
			path = Services;
			sourceTree = "<group>";
		};
		6B7239712DCB15C800F46D1E /* DeletedPassword */ = {
			isa = PBXGroup;
			children = (
				6BF4739A2DCE41BF00CA10B3 /* DeletedPasswordListEmptyView.swift */,
				6B7239792DCB1D8A00F46D1E /* Detail */,
				6B7239732DCB16F100F46D1E /* DeletedPasswordListViewModel.swift */,
				6B7239742DCB16F100F46D1E /* DeletedPasswordListView.swift */,
			);
			path = DeletedPassword;
			sourceTree = "<group>";
		};
		6B7239722DCB16C900F46D1E /* ListAll */ = {
			isa = PBXGroup;
			children = (
				6BF473982DCE407500CA10B3 /* PasswordListCardItemView.swift */,
				6BF473962DCE404100CA10B3 /* PasswordListEmptyView.swift */,
				6B89AA682DC32A1800A6A90D /* PasswordListViewModel.swift */,
				6B89AA6A2DC32A3200A6A90D /* PasswordListView.swift */,
			);
			path = ListAll;
			sourceTree = "<group>";
		};
		6B7239792DCB1D8A00F46D1E /* Detail */ = {
			isa = PBXGroup;
			children = (
				6B72397A2DCB1D9300F46D1E /* DetailDeletedPasswordViewModel.swift */,
				6B72397B2DCB1D9300F46D1E /* DetailDeletedPasswordView.swift */,
			);
			path = Detail;
			sourceTree = "<group>";
		};
		6B72397E2DCB472600F46D1E /* Authentication */ = {
			isa = PBXGroup;
			children = (
				6B7239872DCB526E00F46D1E /* AuthenticationViewModel.swift */,
				6B72397F2DCB478D00F46D1E /* AuthenticationView.swift */,
			);
			path = Authentication;
			sourceTree = "<group>";
		};
		6B89AA492DC14E8E00A6A90D /* Ultils */ = {
			isa = PBXGroup;
			children = (
				6BD94B292DC86CCE005BF242 /* CryptoManager.swift */,
			);
			path = Ultils;
			sourceTree = "<group>";
		};
		6B89AA502DC155D200A6A90D /* Errors */ = {
			isa = PBXGroup;
			children = (
				6BF473A22DCE5A6700CA10B3 /* ExportError.swift */,
				6B89AA512DC155E300A6A90D /* SignInError.swift */,
			);
			path = Errors;
			sourceTree = "<group>";
		};
		6B89AA532DC1FDB800A6A90D /* Models */ = {
			isa = PBXGroup;
			children = (
				6B89AA712DC3424300A6A90D /* PasswordItemModel.swift */,
				6B89AA652DC3257800A6A90D /* HomeItemCategoryModel.swift */,
			);
			path = Models;
			sourceTree = "<group>";
		};
		6B89AA5E2DC2072400A6A90D /* Home */ = {
			isa = PBXGroup;
			children = (
				6B89AA632DC31F8F00A6A90D /* HomeListItemView.swift */,
				6B89AA5F2DC2072900A6A90D /* HomeViewModel.swift */,
				6B89AA612DC2073A00A6A90D /* HomeView.swift */,
			);
			path = Home;
			sourceTree = "<group>";
		};
		6B89AA672DC32A0000A6A90D /* Password */ = {
			isa = PBXGroup;
			children = (
				6B7239722DCB16C900F46D1E /* ListAll */,
				6B7239712DCB15C800F46D1E /* DeletedPassword */,
				6BD94B362DC8B7E8005BF242 /* DetailPassword */,
				6B89AA6C2DC32CC700A6A90D /* NewPassword */,
				6B89AA732DC3427900A6A90D /* PasswordListItemView.swift */,
			);
			path = Password;
			sourceTree = "<group>";
		};
		6B89AA6C2DC32CC700A6A90D /* NewPassword */ = {
			isa = PBXGroup;
			children = (
				6B89AA6D2DC32CD100A6A90D /* NewPasswordViewModel.swift */,
				6B89AA6F2DC32CE000A6A90D /* NewPasswordView.swift */,
			);
			path = NewPassword;
			sourceTree = "<group>";
		};
		6BAA74512DD3B1D90007B773 /* Localizable */ = {
			isa = PBXGroup;
			children = (
				6BAA74612DD3B8A20007B773 /* Localizable.strings */,
				6BAA74542DD3B2160007B773 /* LocalizationManager.swift */,
			);
			path = Localizable;
			sourceTree = "<group>";
		};
		6BC1A3522DC135A200D01D3B /* Frameworks */ = {
			isa = PBXGroup;
			children = (
			);
			name = Frameworks;
			sourceTree = "<group>";
		};
		6BD94B362DC8B7E8005BF242 /* DetailPassword */ = {
			isa = PBXGroup;
			children = (
				6BD94B372DC8B7F7005BF242 /* DetailPasswordViewModel.swift */,
				6BD94B392DC8B829005BF242 /* DetailPasswordView.swift */,
			);
			path = DetailPassword;
			sourceTree = "<group>";
		};
		6BF4739C2DCE527B00CA10B3 /* Helper */ = {
			isa = PBXGroup;
			children = (
				6BF4739F2DCE55F700CA10B3 /* Toast */,
			);
			path = Helper;
			sourceTree = "<group>";
		};
		6BF4739F2DCE55F700CA10B3 /* Toast */ = {
			isa = PBXGroup;
			children = (
				6BF4739D2DCE528000CA10B3 /* OverlayToastView.swift */,
				6BF473A02DCE560D00CA10B3 /* ToastManager.swift */,
			);
			path = Toast;
			sourceTree = "<group>";
		};
/* End PBXGroup section */

/* Begin PBXNativeTarget section */
		6B4D8BB92DC0C93B00103278 /* Passtify */ = {
			isa = PBXNativeTarget;
			buildConfigurationList = 6B4D8BDE2DC0C93E00103278 /* Build configuration list for PBXNativeTarget "Passtify" */;
			buildPhases = (
				6B4D8BB62DC0C93B00103278 /* Sources */,
				6B4D8BB72DC0C93B00103278 /* Frameworks */,
				6B4D8BB82DC0C93B00103278 /* Resources */,
			);
			buildRules = (
			);
			dependencies = (
			);
			name = Passtify;
			packageProductDependencies = (
				6B6F95582DC0CF3F00C689FE /* Swinject */,
				6BD94B2E2DC86F81005BF242 /* ZIPFoundation */,
			);
			productName = Passtify;
			productReference = 6B4D8BBA2DC0C93B00103278 /* Passtify.app */;
			productType = "com.apple.product-type.application";
		};
		6B4D8BC92DC0C93E00103278 /* PasstifyTests */ = {
			isa = PBXNativeTarget;
			buildConfigurationList = 6B4D8BE12DC0C93E00103278 /* Build configuration list for PBXNativeTarget "PasstifyTests" */;
			buildPhases = (
				6B4D8BC62DC0C93E00103278 /* Sources */,
				6B4D8BC72DC0C93E00103278 /* Frameworks */,
				6B4D8BC82DC0C93E00103278 /* Resources */,
			);
			buildRules = (
			);
			dependencies = (
				6B4D8BCC2DC0C93E00103278 /* PBXTargetDependency */,
			);
			name = PasstifyTests;
			productName = PasstifyTests;
			productReference = 6B4D8BCA2DC0C93E00103278 /* PasstifyTests.xctest */;
			productType = "com.apple.product-type.bundle.unit-test";
		};
		6B4D8BD32DC0C93E00103278 /* PasstifyUITests */ = {
			isa = PBXNativeTarget;
			buildConfigurationList = 6B4D8BE42DC0C93E00103278 /* Build configuration list for PBXNativeTarget "PasstifyUITests" */;
			buildPhases = (
				6B4D8BD02DC0C93E00103278 /* Sources */,
				6B4D8BD12DC0C93E00103278 /* Frameworks */,
				6B4D8BD22DC0C93E00103278 /* Resources */,
			);
			buildRules = (
			);
			dependencies = (
				6B4D8BD62DC0C93E00103278 /* PBXTargetDependency */,
			);
			name = PasstifyUITests;
			productName = PasstifyUITests;
			productReference = 6B4D8BD42DC0C93E00103278 /* PasstifyUITests.xctest */;
			productType = "com.apple.product-type.bundle.ui-testing";
		};
/* End PBXNativeTarget section */

/* Begin PBXProject section */
		6B4D8BB22DC0C93B00103278 /* Project object */ = {
			isa = PBXProject;
			attributes = {
				BuildIndependentTargetsInParallel = 1;
				LastSwiftUpdateCheck = 1510;
				LastUpgradeCheck = 1510;
				TargetAttributes = {
					6B4D8BB92DC0C93B00103278 = {
						CreatedOnToolsVersion = 15.1;
					};
					6B4D8BC92DC0C93E00103278 = {
						CreatedOnToolsVersion = 15.1;
						TestTargetID = 6B4D8BB92DC0C93B00103278;
					};
					6B4D8BD32DC0C93E00103278 = {
						CreatedOnToolsVersion = 15.1;
						TestTargetID = 6B4D8BB92DC0C93B00103278;
					};
				};
			};
			buildConfigurationList = 6B4D8BB52DC0C93B00103278 /* Build configuration list for PBXProject "Passtify" */;
			compatibilityVersion = "Xcode 14.0";
			developmentRegion = en;
			hasScannedForEncodings = 0;
			knownRegions = (
				en,
				Base,
				vi,
			);
			mainGroup = 6B4D8BB12DC0C93B00103278;
			packageReferences = (
				6B6F95572DC0CF3F00C689FE /* XCRemoteSwiftPackageReference "Swinject" */,
				6BD94B2D2DC86F81005BF242 /* XCRemoteSwiftPackageReference "ZIPFoundation" */,
			);
			productRefGroup = 6B4D8BBB2DC0C93B00103278 /* Products */;
			projectDirPath = "";
			projectRoot = "";
			targets = (
				6B4D8BB92DC0C93B00103278 /* Passtify */,
				6B4D8BC92DC0C93E00103278 /* PasstifyTests */,
				6B4D8BD32DC0C93E00103278 /* PasstifyUITests */,
			);
		};
/* End PBXProject section */

/* Begin PBXResourcesBuildPhase section */
		6B4D8BB82DC0C93B00103278 /* Resources */ = {
			isa = PBXResourcesBuildPhase;
			buildActionMask = 2147483647;
			files = (
				6BAA74622DD3B8A20007B773 /* Localizable.strings in Resources */,
				6B4D8BC52DC0C93D00103278 /* Preview Assets.xcassets in Resources */,
				6B4D8BC22DC0C93D00103278 /* Assets.xcassets in Resources */,
				6BCF43372DC1416D00269B4B /* GoogleService-Info.plist in Resources */,
			);
			runOnlyForDeploymentPostprocessing = 0;
		};
		6B4D8BC82DC0C93E00103278 /* Resources */ = {
			isa = PBXResourcesBuildPhase;
			buildActionMask = 2147483647;
			files = (
			);
			runOnlyForDeploymentPostprocessing = 0;
		};
		6B4D8BD22DC0C93E00103278 /* Resources */ = {
			isa = PBXResourcesBuildPhase;
			buildActionMask = 2147483647;
			files = (
			);
			runOnlyForDeploymentPostprocessing = 0;
		};
/* End PBXResourcesBuildPhase section */

/* Begin PBXSourcesBuildPhase section */
		6B4D8BB62DC0C93B00103278 /* Sources */ = {
			isa = PBXSourcesBuildPhase;
			buildActionMask = 2147483647;
			files = (
				6B89AA602DC2072C00A6A90D /* HomeViewModel.swift in Sources */,
				6B6F95492DC0CEDC00C689FE /* AppRootCoordinator.swift in Sources */,
				6BD94B352DC8AFF6005BF242 /* View+Extensions.swift in Sources */,
				6BD94B3A2DC8B829005BF242 /* DetailPasswordView.swift in Sources */,
				6B3324C42DCE8F51009D2DAD /* Bundle+Extensions.swift in Sources */,
				6B89AA6B2DC32A3200A6A90D /* PasswordListView.swift in Sources */,
				6B6F954A2DC0CEDC00C689FE /* AppRootCoordinatorView.swift in Sources */,
				6BF473A32DCE5A6C00CA10B3 /* ExportError.swift in Sources */,
				6BF4739B2DCE41BF00CA10B3 /* DeletedPasswordListEmptyView.swift in Sources */,
				6B89AA6E2DC32CD600A6A90D /* NewPasswordViewModel.swift in Sources */,
				6B89AA742DC3428D00A6A90D /* PasswordListItemView.swift in Sources */,
				6B6F95482DC0CEDC00C689FE /* CoordinatorAssembly.swift in Sources */,
				6BAA74692DD4FF660007B773 /* String+Extensions.swift in Sources */,
				6B89AA662DC3257800A6A90D /* HomeItemCategoryModel.swift in Sources */,
				6B89AA692DC32A2200A6A90D /* PasswordListViewModel.swift in Sources */,
				6B6F95532DC0CEF100C689FE /* ViewModelAssembly.swift in Sources */,
				6BCF43352DC137B500269B4B /* AppDelegate.swift in Sources */,
				6BD94B382DC8B808005BF242 /* DetailPasswordViewModel.swift in Sources */,
				6BAA74552DD3B2170007B773 /* LocalizationManager.swift in Sources */,
				6B89AA4D2DC14F0200A6A90D /* UIApplication+Extensions.swift in Sources */,
				6B6F95512DC0CEF100C689FE /* AppAssembler.swift in Sources */,
				6BF473992DCE407500CA10B3 /* PasswordListCardItemView.swift in Sources */,
				6B6F95502DC0CEF100C689FE /* ServiceAssembly.swift in Sources */,
				6B89AA722DC3424700A6A90D /* PasswordItemModel.swift in Sources */,
				6B89AA702DC32CE000A6A90D /* NewPasswordView.swift in Sources */,
				6B6F95702DC0DC6B00C689FE /* AuthService.swift in Sources */,
				6BF224AA2DC38BC00077F204 /* PasswordService.swift in Sources */,
				6B89AA642DC31F9300A6A90D /* HomeListItemView.swift in Sources */,
				6B7239802DCB478D00F46D1E /* AuthenticationView.swift in Sources */,
				6B89AA522DC155E500A6A90D /* SignInError.swift in Sources */,
				6BF473972DCE404100CA10B3 /* PasswordListEmptyView.swift in Sources */,
				6BF4739E2DCE528000CA10B3 /* OverlayToastView.swift in Sources */,
				6BF473A12DCE560D00CA10B3 /* ToastManager.swift in Sources */,
				6B7239752DCB16F100F46D1E /* DeletedPasswordListView.swift in Sources */,
				6B7239762DCB16F100F46D1E /* DeletedPasswordListViewModel.swift in Sources */,
				6B72397C2DCB1D9300F46D1E /* DetailDeletedPasswordViewModel.swift in Sources */,
				6B72397D2DCB1D9300F46D1E /* DetailDeletedPasswordView.swift in Sources */,
				6B6F95622DC0D14800C689FE /* Resolver+Extensions.swift in Sources */,
				6B6F95522DC0CEF100C689FE /* ViewModel.swift in Sources */,
				6BD94B2A2DC86CD2005BF242 /* CryptoManager.swift in Sources */,
				6B7239882DCB527500F46D1E /* AuthenticationViewModel.swift in Sources */,
				6BD94B2C2DC86D2D005BF242 /* FileServices.swift in Sources */,
				6B89AA622DC2073A00A6A90D /* HomeView.swift in Sources */,
				6B4D8BBE2DC0C93B00103278 /* PasstifyApp.swift in Sources */,
			);
			runOnlyForDeploymentPostprocessing = 0;
		};
		6B4D8BC62DC0C93E00103278 /* Sources */ = {
			isa = PBXSourcesBuildPhase;
			buildActionMask = 2147483647;
			files = (
				6B4D8BCF2DC0C93E00103278 /* PasstifyTests.swift in Sources */,
			);
			runOnlyForDeploymentPostprocessing = 0;
		};
		6B4D8BD02DC0C93E00103278 /* Sources */ = {
			isa = PBXSourcesBuildPhase;
			buildActionMask = 2147483647;
			files = (
				6B4D8BDB2DC0C93E00103278 /* PasstifyUITestsLaunchTests.swift in Sources */,
				6B4D8BD92DC0C93E00103278 /* PasstifyUITests.swift in Sources */,
			);
			runOnlyForDeploymentPostprocessing = 0;
		};
/* End PBXSourcesBuildPhase section */

/* Begin PBXTargetDependency section */
		6B4D8BCC2DC0C93E00103278 /* PBXTargetDependency */ = {
			isa = PBXTargetDependency;
			target = 6B4D8BB92DC0C93B00103278 /* Passtify */;
			targetProxy = 6B4D8BCB2DC0C93E00103278 /* PBXContainerItemProxy */;
		};
		6B4D8BD62DC0C93E00103278 /* PBXTargetDependency */ = {
			isa = PBXTargetDependency;
			target = 6B4D8BB92DC0C93B00103278 /* Passtify */;
			targetProxy = 6B4D8BD52DC0C93E00103278 /* PBXContainerItemProxy */;
		};
/* End PBXTargetDependency section */

/* Begin PBXVariantGroup section */
		6BAA74612DD3B8A20007B773 /* Localizable.strings */ = {
			isa = PBXVariantGroup;
			children = (
				6BAA74602DD3B8A20007B773 /* vi */,
				6BAA74632DD3B8A40007B773 /* en */,
			);
			name = Localizable.strings;
			sourceTree = "<group>";
		};
/* End PBXVariantGroup section */

/* Begin XCBuildConfiguration section */
		6B4D8BDC2DC0C93E00103278 /* Debug */ = {
			isa = XCBuildConfiguration;
			buildSettings = {
				ALWAYS_SEARCH_USER_PATHS = NO;
				ASSETCATALOG_COMPILER_GENERATE_SWIFT_ASSET_SYMBOL_EXTENSIONS = YES;
				CLANG_ANALYZER_NONNULL = YES;
				CLANG_ANALYZER_NUMBER_OBJECT_CONVERSION = YES_AGGRESSIVE;
				CLANG_CXX_LANGUAGE_STANDARD = "gnu++20";
				CLANG_ENABLE_MODULES = YES;
				CLANG_ENABLE_OBJC_ARC = YES;
				CLANG_ENABLE_OBJC_WEAK = YES;
				CLANG_WARN_BLOCK_CAPTURE_AUTORELEASING = YES;
				CLANG_WARN_BOOL_CONVERSION = YES;
				CLANG_WARN_COMMA = YES;
				CLANG_WARN_CONSTANT_CONVERSION = YES;
				CLANG_WARN_DEPRECATED_OBJC_IMPLEMENTATIONS = YES;
				CLANG_WARN_DIRECT_OBJC_ISA_USAGE = YES_ERROR;
				CLANG_WARN_DOCUMENTATION_COMMENTS = YES;
				CLANG_WARN_EMPTY_BODY = YES;
				CLANG_WARN_ENUM_CONVERSION = YES;
				CLANG_WARN_INFINITE_RECURSION = YES;
				CLANG_WARN_INT_CONVERSION = YES;
				CLANG_WARN_NON_LITERAL_NULL_CONVERSION = YES;
				CLANG_WARN_OBJC_IMPLICIT_RETAIN_SELF = YES;
				CLANG_WARN_OBJC_LITERAL_CONVERSION = YES;
				CLANG_WARN_OBJC_ROOT_CLASS = YES_ERROR;
				CLANG_WARN_QUOTED_INCLUDE_IN_FRAMEWORK_HEADER = YES;
				CLANG_WARN_RANGE_LOOP_ANALYSIS = YES;
				CLANG_WARN_STRICT_PROTOTYPES = YES;
				CLANG_WARN_SUSPICIOUS_MOVE = YES;
				CLANG_WARN_UNGUARDED_AVAILABILITY = YES_AGGRESSIVE;
				CLANG_WARN_UNREACHABLE_CODE = YES;
				CLANG_WARN__DUPLICATE_METHOD_MATCH = YES;
				COPY_PHASE_STRIP = NO;
				DEBUG_INFORMATION_FORMAT = dwarf;
				ENABLE_STRICT_OBJC_MSGSEND = YES;
				ENABLE_TESTABILITY = YES;
				ENABLE_USER_SCRIPT_SANDBOXING = YES;
				GCC_C_LANGUAGE_STANDARD = gnu17;
				GCC_DYNAMIC_NO_PIC = NO;
				GCC_NO_COMMON_BLOCKS = YES;
				GCC_OPTIMIZATION_LEVEL = 0;
				GCC_PREPROCESSOR_DEFINITIONS = (
					"DEBUG=1",
					"$(inherited)",
				);
				GCC_WARN_64_TO_32_BIT_CONVERSION = YES;
				GCC_WARN_ABOUT_RETURN_TYPE = YES_ERROR;
				GCC_WARN_UNDECLARED_SELECTOR = YES;
				GCC_WARN_UNINITIALIZED_AUTOS = YES_AGGRESSIVE;
				GCC_WARN_UNUSED_FUNCTION = YES;
				GCC_WARN_UNUSED_VARIABLE = YES;
				IPHONEOS_DEPLOYMENT_TARGET = 17.2;
				LOCALIZATION_PREFERS_STRING_CATALOGS = YES;
				MTL_ENABLE_DEBUG_INFO = INCLUDE_SOURCE;
				MTL_FAST_MATH = YES;
				ONLY_ACTIVE_ARCH = YES;
				SDKROOT = iphoneos;
				SWIFT_ACTIVE_COMPILATION_CONDITIONS = "DEBUG $(inherited)";
				SWIFT_EMIT_LOC_STRINGS = YES;
				SWIFT_OPTIMIZATION_LEVEL = "-Onone";
			};
			name = Debug;
		};
		6B4D8BDD2DC0C93E00103278 /* Release */ = {
			isa = XCBuildConfiguration;
			buildSettings = {
				ALWAYS_SEARCH_USER_PATHS = NO;
				ASSETCATALOG_COMPILER_GENERATE_SWIFT_ASSET_SYMBOL_EXTENSIONS = YES;
				CLANG_ANALYZER_NONNULL = YES;
				CLANG_ANALYZER_NUMBER_OBJECT_CONVERSION = YES_AGGRESSIVE;
				CLANG_CXX_LANGUAGE_STANDARD = "gnu++20";
				CLANG_ENABLE_MODULES = YES;
				CLANG_ENABLE_OBJC_ARC = YES;
				CLANG_ENABLE_OBJC_WEAK = YES;
				CLANG_WARN_BLOCK_CAPTURE_AUTORELEASING = YES;
				CLANG_WARN_BOOL_CONVERSION = YES;
				CLANG_WARN_COMMA = YES;
				CLANG_WARN_CONSTANT_CONVERSION = YES;
				CLANG_WARN_DEPRECATED_OBJC_IMPLEMENTATIONS = YES;
				CLANG_WARN_DIRECT_OBJC_ISA_USAGE = YES_ERROR;
				CLANG_WARN_DOCUMENTATION_COMMENTS = YES;
				CLANG_WARN_EMPTY_BODY = YES;
				CLANG_WARN_ENUM_CONVERSION = YES;
				CLANG_WARN_INFINITE_RECURSION = YES;
				CLANG_WARN_INT_CONVERSION = YES;
				CLANG_WARN_NON_LITERAL_NULL_CONVERSION = YES;
				CLANG_WARN_OBJC_IMPLICIT_RETAIN_SELF = YES;
				CLANG_WARN_OBJC_LITERAL_CONVERSION = YES;
				CLANG_WARN_OBJC_ROOT_CLASS = YES_ERROR;
				CLANG_WARN_QUOTED_INCLUDE_IN_FRAMEWORK_HEADER = YES;
				CLANG_WARN_RANGE_LOOP_ANALYSIS = YES;
				CLANG_WARN_STRICT_PROTOTYPES = YES;
				CLANG_WARN_SUSPICIOUS_MOVE = YES;
				CLANG_WARN_UNGUARDED_AVAILABILITY = YES_AGGRESSIVE;
				CLANG_WARN_UNREACHABLE_CODE = YES;
				CLANG_WARN__DUPLICATE_METHOD_MATCH = YES;
				COPY_PHASE_STRIP = NO;
				DEBUG_INFORMATION_FORMAT = "dwarf-with-dsym";
				ENABLE_NS_ASSERTIONS = NO;
				ENABLE_STRICT_OBJC_MSGSEND = YES;
				ENABLE_USER_SCRIPT_SANDBOXING = YES;
				GCC_C_LANGUAGE_STANDARD = gnu17;
				GCC_NO_COMMON_BLOCKS = YES;
				GCC_WARN_64_TO_32_BIT_CONVERSION = YES;
				GCC_WARN_ABOUT_RETURN_TYPE = YES_ERROR;
				GCC_WARN_UNDECLARED_SELECTOR = YES;
				GCC_WARN_UNINITIALIZED_AUTOS = YES_AGGRESSIVE;
				GCC_WARN_UNUSED_FUNCTION = YES;
				GCC_WARN_UNUSED_VARIABLE = YES;
				IPHONEOS_DEPLOYMENT_TARGET = 17.2;
				LOCALIZATION_PREFERS_STRING_CATALOGS = YES;
				MTL_ENABLE_DEBUG_INFO = NO;
				MTL_FAST_MATH = YES;
				SDKROOT = iphoneos;
				SWIFT_COMPILATION_MODE = wholemodule;
				SWIFT_EMIT_LOC_STRINGS = YES;
				VALIDATE_PRODUCT = YES;
			};
			name = Release;
		};
		6B4D8BDF2DC0C93E00103278 /* Debug */ = {
			isa = XCBuildConfiguration;
			buildSettings = {
				ASSETCATALOG_COMPILER_APPICON_NAME = AppIcon;
				ASSETCATALOG_COMPILER_GLOBAL_ACCENT_COLOR_NAME = AccentColor;
				"CODE_SIGN_IDENTITY[sdk=iphoneos*]" = "iPhone Developer";
				CODE_SIGN_STYLE = Manual;
				CURRENT_PROJECT_VERSION = 1;
				DEVELOPMENT_ASSET_PATHS = "\"Passtify/Preview Content\"";
				DEVELOPMENT_TEAM = "";
				"DEVELOPMENT_TEAM[sdk=iphoneos*]" = 8T6B4S774L;
				ENABLE_PREVIEWS = YES;
				GENERATE_INFOPLIST_FILE = YES;
				INFOPLIST_FILE = Passtify/Info.plist;
				INFOPLIST_KEY_NSFaceIDUsageDescription = "Ứng dụng cần sử dụng Face ID để xác thực truy cập vào dữ liệu mật khẩu.";
				INFOPLIST_KEY_UIApplicationSceneManifest_Generation = YES;
				INFOPLIST_KEY_UIApplicationSupportsIndirectInputEvents = YES;
				INFOPLIST_KEY_UILaunchScreen_Generation = YES;
				INFOPLIST_KEY_UISupportedInterfaceOrientations_iPad = "UIInterfaceOrientationPortrait UIInterfaceOrientationPortraitUpsideDown UIInterfaceOrientationLandscapeLeft UIInterfaceOrientationLandscapeRight";
				INFOPLIST_KEY_UISupportedInterfaceOrientations_iPhone = "UIInterfaceOrientationPortrait UIInterfaceOrientationLandscapeLeft UIInterfaceOrientationLandscapeRight";
				IPHONEOS_DEPLOYMENT_TARGET = 16.0;
				LD_RUNPATH_SEARCH_PATHS = (
					"$(inherited)",
					"@executable_path/Frameworks",
				);
				MARKETING_VERSION = 1.1;
				OTHER_SWIFT_FLAGS = "";
				PRODUCT_BUNDLE_IDENTIFIER = dev.longphan.passtify;
				PRODUCT_NAME = "$(TARGET_NAME)";
				PROVISIONING_PROFILE_SPECIFIER = "";
				"PROVISIONING_PROFILE_SPECIFIER[sdk=iphoneos*]" = "passtify provisioning";
				SUPPORTED_PLATFORMS = "iphoneos iphonesimulator";
				SUPPORTS_MACCATALYST = NO;
				SUPPORTS_MAC_DESIGNED_FOR_IPHONE_IPAD = NO;
				SUPPORTS_XR_DESIGNED_FOR_IPHONE_IPAD = NO;
				SWIFT_EMIT_LOC_STRINGS = YES;
				SWIFT_VERSION = 5.0;
				TARGETED_DEVICE_FAMILY = 1;
			};
			name = Debug;
		};
		6B4D8BE02DC0C93E00103278 /* Release */ = {
			isa = XCBuildConfiguration;
			buildSettings = {
				ASSETCATALOG_COMPILER_APPICON_NAME = AppIcon;
				ASSETCATALOG_COMPILER_GLOBAL_ACCENT_COLOR_NAME = AccentColor;
				"CODE_SIGN_IDENTITY[sdk=iphoneos*]" = "iPhone Developer";
				CODE_SIGN_STYLE = Manual;
				CURRENT_PROJECT_VERSION = 1;
				DEVELOPMENT_ASSET_PATHS = "\"Passtify/Preview Content\"";
				DEVELOPMENT_TEAM = "";
				"DEVELOPMENT_TEAM[sdk=iphoneos*]" = 8T6B4S774L;
				ENABLE_PREVIEWS = YES;
				GENERATE_INFOPLIST_FILE = YES;
				INFOPLIST_FILE = Passtify/Info.plist;
				INFOPLIST_KEY_NSFaceIDUsageDescription = "Ứng dụng cần sử dụng Face ID để xác thực truy cập vào dữ liệu mật khẩu.";
				INFOPLIST_KEY_UIApplicationSceneManifest_Generation = YES;
				INFOPLIST_KEY_UIApplicationSupportsIndirectInputEvents = YES;
				INFOPLIST_KEY_UILaunchScreen_Generation = YES;
				INFOPLIST_KEY_UISupportedInterfaceOrientations_iPad = "UIInterfaceOrientationPortrait UIInterfaceOrientationPortraitUpsideDown UIInterfaceOrientationLandscapeLeft UIInterfaceOrientationLandscapeRight";
				INFOPLIST_KEY_UISupportedInterfaceOrientations_iPhone = "UIInterfaceOrientationPortrait UIInterfaceOrientationLandscapeLeft UIInterfaceOrientationLandscapeRight";
				IPHONEOS_DEPLOYMENT_TARGET = 16.0;
				LD_RUNPATH_SEARCH_PATHS = (
					"$(inherited)",
					"@executable_path/Frameworks",
				);
				MARKETING_VERSION = 1.1;
				OTHER_SWIFT_FLAGS = "";
				PRODUCT_BUNDLE_IDENTIFIER = dev.longphan.passtify;
				PRODUCT_NAME = "$(TARGET_NAME)";
				PROVISIONING_PROFILE_SPECIFIER = "";
				"PROVISIONING_PROFILE_SPECIFIER[sdk=iphoneos*]" = "passtify provisioning";
				SUPPORTED_PLATFORMS = "iphoneos iphonesimulator";
				SUPPORTS_MACCATALYST = NO;
				SUPPORTS_MAC_DESIGNED_FOR_IPHONE_IPAD = NO;
				SUPPORTS_XR_DESIGNED_FOR_IPHONE_IPAD = NO;
				SWIFT_EMIT_LOC_STRINGS = YES;
				SWIFT_VERSION = 5.0;
				TARGETED_DEVICE_FAMILY = 1;
			};
			name = Release;
		};
		6B4D8BE22DC0C93E00103278 /* Debug */ = {
			isa = XCBuildConfiguration;
			buildSettings = {
				ALWAYS_EMBED_SWIFT_STANDARD_LIBRARIES = YES;
				BUNDLE_LOADER = "$(TEST_HOST)";
				CODE_SIGN_STYLE = Automatic;
				CURRENT_PROJECT_VERSION = 1;
				DEVELOPMENT_TEAM = 56883AFW3F;
				GENERATE_INFOPLIST_FILE = YES;
				IPHONEOS_DEPLOYMENT_TARGET = 17.2;
				MARKETING_VERSION = 1.0;
				PRODUCT_BUNDLE_IDENTIFIER = longphan.PasstifyTests;
				PRODUCT_NAME = "$(TARGET_NAME)";
				SWIFT_EMIT_LOC_STRINGS = NO;
				SWIFT_VERSION = 5.0;
				TARGETED_DEVICE_FAMILY = "1,2";
				TEST_HOST = "$(BUILT_PRODUCTS_DIR)/Passtify.app/$(BUNDLE_EXECUTABLE_FOLDER_PATH)/Passtify";
			};
			name = Debug;
		};
		6B4D8BE32DC0C93E00103278 /* Release */ = {
			isa = XCBuildConfiguration;
			buildSettings = {
				ALWAYS_EMBED_SWIFT_STANDARD_LIBRARIES = YES;
				BUNDLE_LOADER = "$(TEST_HOST)";
				CODE_SIGN_STYLE = Automatic;
				CURRENT_PROJECT_VERSION = 1;
				DEVELOPMENT_TEAM = 56883AFW3F;
				GENERATE_INFOPLIST_FILE = YES;
				IPHONEOS_DEPLOYMENT_TARGET = 17.2;
				MARKETING_VERSION = 1.0;
				PRODUCT_BUNDLE_IDENTIFIER = longphan.PasstifyTests;
				PRODUCT_NAME = "$(TARGET_NAME)";
				SWIFT_EMIT_LOC_STRINGS = NO;
				SWIFT_VERSION = 5.0;
				TARGETED_DEVICE_FAMILY = "1,2";
				TEST_HOST = "$(BUILT_PRODUCTS_DIR)/Passtify.app/$(BUNDLE_EXECUTABLE_FOLDER_PATH)/Passtify";
			};
			name = Release;
		};
		6B4D8BE52DC0C93E00103278 /* Debug */ = {
			isa = XCBuildConfiguration;
			buildSettings = {
				ALWAYS_EMBED_SWIFT_STANDARD_LIBRARIES = YES;
				CODE_SIGN_STYLE = Automatic;
				CURRENT_PROJECT_VERSION = 1;
				DEVELOPMENT_TEAM = 56883AFW3F;
				GENERATE_INFOPLIST_FILE = YES;
				MARKETING_VERSION = 1.0;
				PRODUCT_BUNDLE_IDENTIFIER = longphan.PasstifyUITests;
				PRODUCT_NAME = "$(TARGET_NAME)";
				SWIFT_EMIT_LOC_STRINGS = NO;
				SWIFT_VERSION = 5.0;
				TARGETED_DEVICE_FAMILY = "1,2";
				TEST_TARGET_NAME = Passtify;
			};
			name = Debug;
		};
		6B4D8BE62DC0C93E00103278 /* Release */ = {
			isa = XCBuildConfiguration;
			buildSettings = {
				ALWAYS_EMBED_SWIFT_STANDARD_LIBRARIES = YES;
				CODE_SIGN_STYLE = Automatic;
				CURRENT_PROJECT_VERSION = 1;
				DEVELOPMENT_TEAM = 56883AFW3F;
				GENERATE_INFOPLIST_FILE = YES;
				MARKETING_VERSION = 1.0;
				PRODUCT_BUNDLE_IDENTIFIER = longphan.PasstifyUITests;
				PRODUCT_NAME = "$(TARGET_NAME)";
				SWIFT_EMIT_LOC_STRINGS = NO;
				SWIFT_VERSION = 5.0;
				TARGETED_DEVICE_FAMILY = "1,2";
				TEST_TARGET_NAME = Passtify;
			};
			name = Release;
		};
/* End XCBuildConfiguration section */

/* Begin XCConfigurationList section */
		6B4D8BB52DC0C93B00103278 /* Build configuration list for PBXProject "Passtify" */ = {
			isa = XCConfigurationList;
			buildConfigurations = (
				6B4D8BDC2DC0C93E00103278 /* Debug */,
				6B4D8BDD2DC0C93E00103278 /* Release */,
			);
			defaultConfigurationIsVisible = 0;
			defaultConfigurationName = Release;
		};
		6B4D8BDE2DC0C93E00103278 /* Build configuration list for PBXNativeTarget "Passtify" */ = {
			isa = XCConfigurationList;
			buildConfigurations = (
				6B4D8BDF2DC0C93E00103278 /* Debug */,
				6B4D8BE02DC0C93E00103278 /* Release */,
			);
			defaultConfigurationIsVisible = 0;
			defaultConfigurationName = Release;
		};
		6B4D8BE12DC0C93E00103278 /* Build configuration list for PBXNativeTarget "PasstifyTests" */ = {
			isa = XCConfigurationList;
			buildConfigurations = (
				6B4D8BE22DC0C93E00103278 /* Debug */,
				6B4D8BE32DC0C93E00103278 /* Release */,
			);
			defaultConfigurationIsVisible = 0;
			defaultConfigurationName = Release;
		};
		6B4D8BE42DC0C93E00103278 /* Build configuration list for PBXNativeTarget "PasstifyUITests" */ = {
			isa = XCConfigurationList;
			buildConfigurations = (
				6B4D8BE52DC0C93E00103278 /* Debug */,
				6B4D8BE62DC0C93E00103278 /* Release */,
			);
			defaultConfigurationIsVisible = 0;
			defaultConfigurationName = Release;
		};
/* End XCConfigurationList section */

/* Begin XCRemoteSwiftPackageReference section */
		6B6F95572DC0CF3F00C689FE /* XCRemoteSwiftPackageReference "Swinject" */ = {
			isa = XCRemoteSwiftPackageReference;
			repositoryURL = "https://github.com/Swinject/Swinject.git";
			requirement = {
				kind = upToNextMajorVersion;
				minimumVersion = 2.9.1;
			};
		};
		6BD94B2D2DC86F81005BF242 /* XCRemoteSwiftPackageReference "ZIPFoundation" */ = {
			isa = XCRemoteSwiftPackageReference;
			repositoryURL = "https://github.com/weichsel/ZIPFoundation.git";
			requirement = {
				kind = upToNextMajorVersion;
				minimumVersion = 0.9.19;
			};
		};
/* End XCRemoteSwiftPackageReference section */

/* Begin XCSwiftPackageProductDependency section */
		6B6F95582DC0CF3F00C689FE /* Swinject */ = {
			isa = XCSwiftPackageProductDependency;
			package = 6B6F95572DC0CF3F00C689FE /* XCRemoteSwiftPackageReference "Swinject" */;
			productName = Swinject;
		};
		6BD94B2E2DC86F81005BF242 /* ZIPFoundation */ = {
			isa = XCSwiftPackageProductDependency;
			package = 6BD94B2D2DC86F81005BF242 /* XCRemoteSwiftPackageReference "ZIPFoundation" */;
			productName = ZIPFoundation;
		};
/* End XCSwiftPackageProductDependency section */
	};
	rootObject = 6B4D8BB22DC0C93B00103278 /* Project object */;
}
