// !$*UTF8*$!
{
	archiveVersion = 1;
	classes = {
	};
	objectVersion = 56;
	objects = {

/* Begin PBXBuildFile section */
		6B4D8BBE2DC0C93B00103278 /* PasstifyApp.swift in Sources */ = {isa = PBXBuildFile; fileRef = 6B4D8BBD2DC0C93B00103278 /* PasstifyApp.swift */; };
		6B4D8BC02DC0C93B00103278 /* ContentView.swift in Sources */ = {isa = PBXBuildFile; fileRef = 6B4D8BBF2DC0C93B00103278 /* ContentView.swift */; };
		6B4D8BC22DC0C93D00103278 /* Assets.xcassets in Resources */ = {isa = PBXBuildFile; fileRef = 6B4D8BC12DC0C93D00103278 /* Assets.xcassets */; };
		6B4D8BC52DC0C93D00103278 /* Preview Assets.xcassets in Resources */ = {isa = PBXBuildFile; fileRef = 6B4D8BC42DC0C93D00103278 /* Preview Assets.xcassets */; };
		6B4D8BCF2DC0C93E00103278 /* PasstifyTests.swift in Sources */ = {isa = PBXBuildFile; fileRef = 6B4D8BCE2DC0C93E00103278 /* PasstifyTests.swift */; };
		6B4D8BD92DC0C93E00103278 /* PasstifyUITests.swift in Sources */ = {isa = PBXBuildFile; fileRef = 6B4D8BD82DC0C93E00103278 /* PasstifyUITests.swift */; };
		6B4D8BDB2DC0C93E00103278 /* PasstifyUITestsLaunchTests.swift in Sources */ = {isa = PBXBuildFile; fileRef = 6B4D8BDA2DC0C93E00103278 /* PasstifyUITestsLaunchTests.swift */; };
/* End PBXBuildFile section */

/* Begin PBXContainerItemProxy section */
		6B4D8BCB2DC0C93E00103278 /* PBXContainerItemProxy */ = {
			isa = PBXContainerItemProxy;
			containerPortal = 6B4D8BB22DC0C93B00103278 /* Project object */;
			proxyType = 1;
			remoteGlobalIDString = 6B4D8BB92DC0C93B00103278;
			remoteInfo = Passtify;
		};
		6B4D8BD52DC0C93E00103278 /* PBXContainerItemProxy */ = {
			isa = PBXContainerItemProxy;
			containerPortal = 6B4D8BB22DC0C93B00103278 /* Project object */;
			proxyType = 1;
			remoteGlobalIDString = 6B4D8BB92DC0C93B00103278;
			remoteInfo = Passtify;
		};
/* End PBXContainerItemProxy section */

/* Begin PBXFileReference section */
		6B4D8BBA2DC0C93B00103278 /* Passtify.app */ = {isa = PBXFileReference; explicitFileType = wrapper.application; includeInIndex = 0; path = Passtify.app; sourceTree = BUILT_PRODUCTS_DIR; };
		6B4D8BBD2DC0C93B00103278 /* PasstifyApp.swift */ = {isa = PBXFileReference; lastKnownFileType = sourcecode.swift; path = PasstifyApp.swift; sourceTree = "<group>"; };
		6B4D8BBF2DC0C93B00103278 /* ContentView.swift */ = {isa = PBXFileReference; lastKnownFileType = sourcecode.swift; path = ContentView.swift; sourceTree = "<group>"; };
		6B4D8BC12DC0C93D00103278 /* Assets.xcassets */ = {isa = PBXFileReference; lastKnownFileType = folder.assetcatalog; path = Assets.xcassets; sourceTree = "<group>"; };
		6B4D8BC42DC0C93D00103278 /* Preview Assets.xcassets */ = {isa = PBXFileReference; lastKnownFileType = folder.assetcatalog; path = "Preview Assets.xcassets"; sourceTree = "<group>"; };
		6B4D8BCA2DC0C93E00103278 /* PasstifyTests.xctest */ = {isa = PBXFileReference; explicitFileType = wrapper.cfbundle; includeInIndex = 0; path = PasstifyTests.xctest; sourceTree = BUILT_PRODUCTS_DIR; };
		6B4D8BCE2DC0C93E00103278 /* PasstifyTests.swift */ = {isa = PBXFileReference; lastKnownFileType = sourcecode.swift; path = PasstifyTests.swift; sourceTree = "<group>"; };
		6B4D8BD42DC0C93E00103278 /* PasstifyUITests.xctest */ = {isa = PBXFileReference; explicitFileType = wrapper.cfbundle; includeInIndex = 0; path = PasstifyUITests.xctest; sourceTree = BUILT_PRODUCTS_DIR; };
		6B4D8BD82DC0C93E00103278 /* PasstifyUITests.swift */ = {isa = PBXFileReference; lastKnownFileType = sourcecode.swift; path = PasstifyUITests.swift; sourceTree = "<group>"; };
		6B4D8BDA2DC0C93E00103278 /* PasstifyUITestsLaunchTests.swift */ = {isa = PBXFileReference; lastKnownFileType = sourcecode.swift; path = PasstifyUITestsLaunchTests.swift; sourceTree = "<group>"; };
/* End PBXFileReference section */

/* Begin PBXFrameworksBuildPhase section */
		6B4D8BB72DC0C93B00103278 /* Frameworks */ = {
			isa = PBXFrameworksBuildPhase;
			buildActionMask = 2147483647;
			files = (
			);
			runOnlyForDeploymentPostprocessing = 0;
		};
		6B4D8BC72DC0C93E00103278 /* Frameworks */ = {
			isa = PBXFrameworksBuildPhase;
			buildActionMask = 2147483647;
			files = (
			);
			runOnlyForDeploymentPostprocessing = 0;
		};
		6B4D8BD12DC0C93E00103278 /* Frameworks */ = {
			isa = PBXFrameworksBuildPhase;
			buildActionMask = 2147483647;
			files = (
			);
			runOnlyForDeploymentPostprocessing = 0;
		};
/* End PBXFrameworksBuildPhase section */

/* Begin PBXGroup section */
		6B4D8BB12DC0C93B00103278 = {
			isa = PBXGroup;
			children = (
				6B4D8BBC2DC0C93B00103278 /* Passtify */,
				6B4D8BCD2DC0C93E00103278 /* PasstifyTests */,
				6B4D8BD72DC0C93E00103278 /* PasstifyUITests */,
				6B4D8BBB2DC0C93B00103278 /* Products */,
			);
			sourceTree = "<group>";
		};
		6B4D8BBB2DC0C93B00103278 /* Products */ = {
			isa = PBXGroup;
			children = (
				6B4D8BBA2DC0C93B00103278 /* Passtify.app */,
				6B4D8BCA2DC0C93E00103278 /* PasstifyTests.xctest */,
				6B4D8BD42DC0C93E00103278 /* PasstifyUITests.xctest */,
			);
			name = Products;
			sourceTree = "<group>";
		};
		6B4D8BBC2DC0C93B00103278 /* Passtify */ = {
			isa = PBXGroup;
			children = (
				6B4D8BBD2DC0C93B00103278 /* PasstifyApp.swift */,
				6B4D8BBF2DC0C93B00103278 /* ContentView.swift */,
				6B4D8BC12DC0C93D00103278 /* Assets.xcassets */,
				6B4D8BC32DC0C93D00103278 /* Preview Content */,
			);
			path = Passtify;
			sourceTree = "<group>";
		};
		6B4D8BC32DC0C93D00103278 /* Preview Content */ = {
			isa = PBXGroup;
			children = (
				6B4D8BC42DC0C93D00103278 /* Preview Assets.xcassets */,
			);
			path = "Preview Content";
			sourceTree = "<group>";
		};
		6B4D8BCD2DC0C93E00103278 /* PasstifyTests */ = {
			isa = PBXGroup;
			children = (
				6B4D8BCE2DC0C93E00103278 /* PasstifyTests.swift */,
			);
			path = PasstifyTests;
			sourceTree = "<group>";
		};
		6B4D8BD72DC0C93E00103278 /* PasstifyUITests */ = {
			isa = PBXGroup;
			children = (
				6B4D8BD82DC0C93E00103278 /* PasstifyUITests.swift */,
				6B4D8BDA2DC0C93E00103278 /* PasstifyUITestsLaunchTests.swift */,
			);
			path = PasstifyUITests;
			sourceTree = "<group>";
		};
/* End PBXGroup section */

/* Begin PBXNativeTarget section */
		6B4D8BB92DC0C93B00103278 /* Passtify */ = {
			isa = PBXNativeTarget;
			buildConfigurationList = 6B4D8BDE2DC0C93E00103278 /* Build configuration list for PBXNativeTarget "Passtify" */;
			buildPhases = (
				6B4D8BB62DC0C93B00103278 /* Sources */,
				6B4D8BB72DC0C93B00103278 /* Frameworks */,
				6B4D8BB82DC0C93B00103278 /* Resources */,
			);
			buildRules = (
			);
			dependencies = (
			);
			name = Passtify;
			productName = Passtify;
			productReference = 6B4D8BBA2DC0C93B00103278 /* Passtify.app */;
			productType = "com.apple.product-type.application";
		};
		6B4D8BC92DC0C93E00103278 /* PasstifyTests */ = {
			isa = PBXNativeTarget;
			buildConfigurationList = 6B4D8BE12DC0C93E00103278 /* Build configuration list for PBXNativeTarget "PasstifyTests" */;
			buildPhases = (
				6B4D8BC62DC0C93E00103278 /* Sources */,
				6B4D8BC72DC0C93E00103278 /* Frameworks */,
				6B4D8BC82DC0C93E00103278 /* Resources */,
			);
			buildRules = (
			);
			dependencies = (
				6B4D8BCC2DC0C93E00103278 /* PBXTargetDependency */,
			);
			name = PasstifyTests;
			productName = PasstifyTests;
			productReference = 6B4D8BCA2DC0C93E00103278 /* PasstifyTests.xctest */;
			productType = "com.apple.product-type.bundle.unit-test";
		};
		6B4D8BD32DC0C93E00103278 /* PasstifyUITests */ = {
			isa = PBXNativeTarget;
			buildConfigurationList = 6B4D8BE42DC0C93E00103278 /* Build configuration list for PBXNativeTarget "PasstifyUITests" */;
			buildPhases = (
				6B4D8BD02DC0C93E00103278 /* Sources */,
				6B4D8BD12DC0C93E00103278 /* Frameworks */,
				6B4D8BD22DC0C93E00103278 /* Resources */,
			);
			buildRules = (
			);
			dependencies = (
				6B4D8BD62DC0C93E00103278 /* PBXTargetDependency */,
			);
			name = PasstifyUITests;
			productName = PasstifyUITests;
			productReference = 6B4D8BD42DC0C93E00103278 /* PasstifyUITests.xctest */;
			productType = "com.apple.product-type.bundle.ui-testing";
		};
/* End PBXNativeTarget section */

/* Begin PBXProject section */
		6B4D8BB22DC0C93B00103278 /* Project object */ = {
			isa = PBXProject;
			attributes = {
				BuildIndependentTargetsInParallel = 1;
				LastSwiftUpdateCheck = 1510;
				LastUpgradeCheck = 1510;
				TargetAttributes = {
					6B4D8BB92DC0C93B00103278 = {
						CreatedOnToolsVersion = 15.1;
					};
					6B4D8BC92DC0C93E00103278 = {
						CreatedOnToolsVersion = 15.1;
						TestTargetID = 6B4D8BB92DC0C93B00103278;
					};
					6B4D8BD32DC0C93E00103278 = {
						CreatedOnToolsVersion = 15.1;
						TestTargetID = 6B4D8BB92DC0C93B00103278;
					};
				};
			};
			buildConfigurationList = 6B4D8BB52DC0C93B00103278 /* Build configuration list for PBXProject "Passtify" */;
			compatibilityVersion = "Xcode 14.0";
			developmentRegion = en;
			hasScannedForEncodings = 0;
			knownRegions = (
				en,
				Base,
			);
			mainGroup = 6B4D8BB12DC0C93B00103278;
			productRefGroup = 6B4D8BBB2DC0C93B00103278 /* Products */;
			projectDirPath = "";
			projectRoot = "";
			targets = (
				6B4D8BB92DC0C93B00103278 /* Passtify */,
				6B4D8BC92DC0C93E00103278 /* PasstifyTests */,
				6B4D8BD32DC0C93E00103278 /* PasstifyUITests */,
			);
		};
/* End PBXProject section */

/* Begin PBXResourcesBuildPhase section */
		6B4D8BB82DC0C93B00103278 /* Resources */ = {
			isa = PBXResourcesBuildPhase;
			buildActionMask = 2147483647;
			files = (
				6B4D8BC52DC0C93D00103278 /* Preview Assets.xcassets in Resources */,
				6B4D8BC22DC0C93D00103278 /* Assets.xcassets in Resources */,
			);
			runOnlyForDeploymentPostprocessing = 0;
		};
		6B4D8BC82DC0C93E00103278 /* Resources */ = {
			isa = PBXResourcesBuildPhase;
			buildActionMask = 2147483647;
			files = (
			);
			runOnlyForDeploymentPostprocessing = 0;
		};
		6B4D8BD22DC0C93E00103278 /* Resources */ = {
			isa = PBXResourcesBuildPhase;
			buildActionMask = 2147483647;
			files = (
			);
			runOnlyForDeploymentPostprocessing = 0;
		};
/* End PBXResourcesBuildPhase section */

/* Begin PBXSourcesBuildPhase section */
		6B4D8BB62DC0C93B00103278 /* Sources */ = {
			isa = PBXSourcesBuildPhase;
			buildActionMask = 2147483647;
			files = (
				6B4D8BC02DC0C93B00103278 /* ContentView.swift in Sources */,
				6B4D8BBE2DC0C93B00103278 /* PasstifyApp.swift in Sources */,
			);
			runOnlyForDeploymentPostprocessing = 0;
		};
		6B4D8BC62DC0C93E00103278 /* Sources */ = {
			isa = PBXSourcesBuildPhase;
			buildActionMask = 2147483647;
			files = (
				6B4D8BCF2DC0C93E00103278 /* PasstifyTests.swift in Sources */,
			);
			runOnlyForDeploymentPostprocessing = 0;
		};
		6B4D8BD02DC0C93E00103278 /* Sources */ = {
			isa = PBXSourcesBuildPhase;
			buildActionMask = 2147483647;
			files = (
				6B4D8BDB2DC0C93E00103278 /* PasstifyUITestsLaunchTests.swift in Sources */,
				6B4D8BD92DC0C93E00103278 /* PasstifyUITests.swift in Sources */,
			);
			runOnlyForDeploymentPostprocessing = 0;
		};
/* End PBXSourcesBuildPhase section */

/* Begin PBXTargetDependency section */
		6B4D8BCC2DC0C93E00103278 /* PBXTargetDependency */ = {
			isa = PBXTargetDependency;
			target = 6B4D8BB92DC0C93B00103278 /* Passtify */;
			targetProxy = 6B4D8BCB2DC0C93E00103278 /* PBXContainerItemProxy */;
		};
		6B4D8BD62DC0C93E00103278 /* PBXTargetDependency */ = {
			isa = PBXTargetDependency;
			target = 6B4D8BB92DC0C93B00103278 /* Passtify */;
			targetProxy = 6B4D8BD52DC0C93E00103278 /* PBXContainerItemProxy */;
		};
/* End PBXTargetDependency section */

/* Begin XCBuildConfiguration section */
		6B4D8BDC2DC0C93E00103278 /* Debug */ = {
			isa = XCBuildConfiguration;
			buildSettings = {
				ALWAYS_SEARCH_USER_PATHS = NO;
				ASSETCATALOG_COMPILER_GENERATE_SWIFT_ASSET_SYMBOL_EXTENSIONS = YES;
				CLANG_ANALYZER_NONNULL = YES;
				CLANG_ANALYZER_NUMBER_OBJECT_CONVERSION = YES_AGGRESSIVE;
				CLANG_CXX_LANGUAGE_STANDARD = "gnu++20";
				CLANG_ENABLE_MODULES = YES;
				CLANG_ENABLE_OBJC_ARC = YES;
				CLANG_ENABLE_OBJC_WEAK = YES;
				CLANG_WARN_BLOCK_CAPTURE_AUTORELEASING = YES;
				CLANG_WARN_BOOL_CONVERSION = YES;
				CLANG_WARN_COMMA = YES;
				CLANG_WARN_CONSTANT_CONVERSION = YES;
				CLANG_WARN_DEPRECATED_OBJC_IMPLEMENTATIONS = YES;
				CLANG_WARN_DIRECT_OBJC_ISA_USAGE = YES_ERROR;
				CLANG_WARN_DOCUMENTATION_COMMENTS = YES;
				CLANG_WARN_EMPTY_BODY = YES;
				CLANG_WARN_ENUM_CONVERSION = YES;
				CLANG_WARN_INFINITE_RECURSION = YES;
				CLANG_WARN_INT_CONVERSION = YES;
				CLANG_WARN_NON_LITERAL_NULL_CONVERSION = YES;
				CLANG_WARN_OBJC_IMPLICIT_RETAIN_SELF = YES;
				CLANG_WARN_OBJC_LITERAL_CONVERSION = YES;
				CLANG_WARN_OBJC_ROOT_CLASS = YES_ERROR;
				CLANG_WARN_QUOTED_INCLUDE_IN_FRAMEWORK_HEADER = YES;
				CLANG_WARN_RANGE_LOOP_ANALYSIS = YES;
				CLANG_WARN_STRICT_PROTOTYPES = YES;
				CLANG_WARN_SUSPICIOUS_MOVE = YES;
				CLANG_WARN_UNGUARDED_AVAILABILITY = YES_AGGRESSIVE;
				CLANG_WARN_UNREACHABLE_CODE = YES;
				CLANG_WARN__DUPLICATE_METHOD_MATCH = YES;
				COPY_PHASE_STRIP = NO;
				DEBUG_INFORMATION_FORMAT = dwarf;
				ENABLE_STRICT_OBJC_MSGSEND = YES;
				ENABLE_TESTABILITY = YES;
				ENABLE_USER_SCRIPT_SANDBOXING = YES;
				GCC_C_LANGUAGE_STANDARD = gnu17;
				GCC_DYNAMIC_NO_PIC = NO;
				GCC_NO_COMMON_BLOCKS = YES;
				GCC_OPTIMIZATION_LEVEL = 0;
				GCC_PREPROCESSOR_DEFINITIONS = (
					"DEBUG=1",
					"$(inherited)",
				);
				GCC_WARN_64_TO_32_BIT_CONVERSION = YES;
				GCC_WARN_ABOUT_RETURN_TYPE = YES_ERROR;
				GCC_WARN_UNDECLARED_SELECTOR = YES;
				GCC_WARN_UNINITIALIZED_AUTOS = YES_AGGRESSIVE;
				GCC_WARN_UNUSED_FUNCTION = YES;
				GCC_WARN_UNUSED_VARIABLE = YES;
				IPHONEOS_DEPLOYMENT_TARGET = 17.2;
				LOCALIZATION_PREFERS_STRING_CATALOGS = YES;
				MTL_ENABLE_DEBUG_INFO = INCLUDE_SOURCE;
				MTL_FAST_MATH = YES;
				ONLY_ACTIVE_ARCH = YES;
				SDKROOT = iphoneos;
				SWIFT_ACTIVE_COMPILATION_CONDITIONS = "DEBUG $(inherited)";
				SWIFT_OPTIMIZATION_LEVEL = "-Onone";
			};
			name = Debug;
		};
		6B4D8BDD2DC0C93E00103278 /* Release */ = {
			isa = XCBuildConfiguration;
			buildSettings = {
				ALWAYS_SEARCH_USER_PATHS = NO;
				ASSETCATALOG_COMPILER_GENERATE_SWIFT_ASSET_SYMBOL_EXTENSIONS = YES;
				CLANG_ANALYZER_NONNULL = YES;
				CLANG_ANALYZER_NUMBER_OBJECT_CONVERSION = YES_AGGRESSIVE;
				CLANG_CXX_LANGUAGE_STANDARD = "gnu++20";
				CLANG_ENABLE_MODULES = YES;
				CLANG_ENABLE_OBJC_ARC = YES;
				CLANG_ENABLE_OBJC_WEAK = YES;
				CLANG_WARN_BLOCK_CAPTURE_AUTORELEASING = YES;
				CLANG_WARN_BOOL_CONVERSION = YES;
				CLANG_WARN_COMMA = YES;
				CLANG_WARN_CONSTANT_CONVERSION = YES;
				CLANG_WARN_DEPRECATED_OBJC_IMPLEMENTATIONS = YES;
				CLANG_WARN_DIRECT_OBJC_ISA_USAGE = YES_ERROR;
				CLANG_WARN_DOCUMENTATION_COMMENTS = YES;
				CLANG_WARN_EMPTY_BODY = YES;
				CLANG_WARN_ENUM_CONVERSION = YES;
				CLANG_WARN_INFINITE_RECURSION = YES;
				CLANG_WARN_INT_CONVERSION = YES;
				CLANG_WARN_NON_LITERAL_NULL_CONVERSION = YES;
				CLANG_WARN_OBJC_IMPLICIT_RETAIN_SELF = YES;
				CLANG_WARN_OBJC_LITERAL_CONVERSION = YES;
				CLANG_WARN_OBJC_ROOT_CLASS = YES_ERROR;
				CLANG_WARN_QUOTED_INCLUDE_IN_FRAMEWORK_HEADER = YES;
				CLANG_WARN_RANGE_LOOP_ANALYSIS = YES;
				CLANG_WARN_STRICT_PROTOTYPES = YES;
				CLANG_WARN_SUSPICIOUS_MOVE = YES;
				CLANG_WARN_UNGUARDED_AVAILABILITY = YES_AGGRESSIVE;
				CLANG_WARN_UNREACHABLE_CODE = YES;
				CLANG_WARN__DUPLICATE_METHOD_MATCH = YES;
				COPY_PHASE_STRIP = NO;
				DEBUG_INFORMATION_FORMAT = "dwarf-with-dsym";
				ENABLE_NS_ASSERTIONS = NO;
				ENABLE_STRICT_OBJC_MSGSEND = YES;
				ENABLE_USER_SCRIPT_SANDBOXING = YES;
				GCC_C_LANGUAGE_STANDARD = gnu17;
				GCC_NO_COMMON_BLOCKS = YES;
				GCC_WARN_64_TO_32_BIT_CONVERSION = YES;
				GCC_WARN_ABOUT_RETURN_TYPE = YES_ERROR;
				GCC_WARN_UNDECLARED_SELECTOR = YES;
				GCC_WARN_UNINITIALIZED_AUTOS = YES_AGGRESSIVE;
				GCC_WARN_UNUSED_FUNCTION = YES;
				GCC_WARN_UNUSED_VARIABLE = YES;
				IPHONEOS_DEPLOYMENT_TARGET = 17.2;
				LOCALIZATION_PREFERS_STRING_CATALOGS = YES;
				MTL_ENABLE_DEBUG_INFO = NO;
				MTL_FAST_MATH = YES;
				SDKROOT = iphoneos;
				SWIFT_COMPILATION_MODE = wholemodule;
				VALIDATE_PRODUCT = YES;
			};
			name = Release;
		};
		6B4D8BDF2DC0C93E00103278 /* Debug */ = {
			isa = XCBuildConfiguration;
			buildSettings = {
				ASSETCATALOG_COMPILER_APPICON_NAME = AppIcon;
				ASSETCATALOG_COMPILER_GLOBAL_ACCENT_COLOR_NAME = AccentColor;
				CODE_SIGN_STYLE = Automatic;
				CURRENT_PROJECT_VERSION = 1;
				DEVELOPMENT_ASSET_PATHS = "\"Passtify/Preview Content\"";
				DEVELOPMENT_TEAM = 56883AFW3F;
				ENABLE_PREVIEWS = YES;
				GENERATE_INFOPLIST_FILE = YES;
				INFOPLIST_KEY_UIApplicationSceneManifest_Generation = YES;
				INFOPLIST_KEY_UIApplicationSupportsIndirectInputEvents = YES;
				INFOPLIST_KEY_UILaunchScreen_Generation = YES;
				INFOPLIST_KEY_UISupportedInterfaceOrientations_iPad = "UIInterfaceOrientationPortrait UIInterfaceOrientationPortraitUpsideDown UIInterfaceOrientationLandscapeLeft UIInterfaceOrientationLandscapeRight";
				INFOPLIST_KEY_UISupportedInterfaceOrientations_iPhone = "UIInterfaceOrientationPortrait UIInterfaceOrientationLandscapeLeft UIInterfaceOrientationLandscapeRight";
				LD_RUNPATH_SEARCH_PATHS = (
					"$(inherited)",
					"@executable_path/Frameworks",
				);
				MARKETING_VERSION = 1.0;
				PRODUCT_BUNDLE_IDENTIFIER = longphan.Passtify;
				PRODUCT_NAME = "$(TARGET_NAME)";
				SWIFT_EMIT_LOC_STRINGS = YES;
				SWIFT_VERSION = 5.0;
				TARGETED_DEVICE_FAMILY = "1,2";
			};
			name = Debug;
		};
		6B4D8BE02DC0C93E00103278 /* Release */ = {
			isa = XCBuildConfiguration;
			buildSettings = {
				ASSETCATALOG_COMPILER_APPICON_NAME = AppIcon;
				ASSETCATALOG_COMPILER_GLOBAL_ACCENT_COLOR_NAME = AccentColor;
				CODE_SIGN_STYLE = Automatic;
				CURRENT_PROJECT_VERSION = 1;
				DEVELOPMENT_ASSET_PATHS = "\"Passtify/Preview Content\"";
				DEVELOPMENT_TEAM = 56883AFW3F;
				ENABLE_PREVIEWS = YES;
				GENERATE_INFOPLIST_FILE = YES;
				INFOPLIST_KEY_UIApplicationSceneManifest_Generation = YES;
				INFOPLIST_KEY_UIApplicationSupportsIndirectInputEvents = YES;
				INFOPLIST_KEY_UILaunchScreen_Generation = YES;
				INFOPLIST_KEY_UISupportedInterfaceOrientations_iPad = "UIInterfaceOrientationPortrait UIInterfaceOrientationPortraitUpsideDown UIInterfaceOrientationLandscapeLeft UIInterfaceOrientationLandscapeRight";
				INFOPLIST_KEY_UISupportedInterfaceOrientations_iPhone = "UIInterfaceOrientationPortrait UIInterfaceOrientationLandscapeLeft UIInterfaceOrientationLandscapeRight";
				LD_RUNPATH_SEARCH_PATHS = (
					"$(inherited)",
					"@executable_path/Frameworks",
				);
				MARKETING_VERSION = 1.0;
				PRODUCT_BUNDLE_IDENTIFIER = longphan.Passtify;
				PRODUCT_NAME = "$(TARGET_NAME)";
				SWIFT_EMIT_LOC_STRINGS = YES;
				SWIFT_VERSION = 5.0;
				TARGETED_DEVICE_FAMILY = "1,2";
			};
			name = Release;
		};
		6B4D8BE22DC0C93E00103278 /* Debug */ = {
			isa = XCBuildConfiguration;
			buildSettings = {
				ALWAYS_EMBED_SWIFT_STANDARD_LIBRARIES = YES;
				BUNDLE_LOADER = "$(TEST_HOST)";
				CODE_SIGN_STYLE = Automatic;
				CURRENT_PROJECT_VERSION = 1;
				DEVELOPMENT_TEAM = 56883AFW3F;
				GENERATE_INFOPLIST_FILE = YES;
				IPHONEOS_DEPLOYMENT_TARGET = 17.2;
				MARKETING_VERSION = 1.0;
				PRODUCT_BUNDLE_IDENTIFIER = longphan.PasstifyTests;
				PRODUCT_NAME = "$(TARGET_NAME)";
				SWIFT_EMIT_LOC_STRINGS = NO;
				SWIFT_VERSION = 5.0;
				TARGETED_DEVICE_FAMILY = "1,2";
				TEST_HOST = "$(BUILT_PRODUCTS_DIR)/Passtify.app/$(BUNDLE_EXECUTABLE_FOLDER_PATH)/Passtify";
			};
			name = Debug;
		};
		6B4D8BE32DC0C93E00103278 /* Release */ = {
			isa = XCBuildConfiguration;
			buildSettings = {
				ALWAYS_EMBED_SWIFT_STANDARD_LIBRARIES = YES;
				BUNDLE_LOADER = "$(TEST_HOST)";
				CODE_SIGN_STYLE = Automatic;
				CURRENT_PROJECT_VERSION = 1;
				DEVELOPMENT_TEAM = 56883AFW3F;
				GENERATE_INFOPLIST_FILE = YES;
				IPHONEOS_DEPLOYMENT_TARGET = 17.2;
				MARKETING_VERSION = 1.0;
				PRODUCT_BUNDLE_IDENTIFIER = longphan.PasstifyTests;
				PRODUCT_NAME = "$(TARGET_NAME)";
				SWIFT_EMIT_LOC_STRINGS = NO;
				SWIFT_VERSION = 5.0;
				TARGETED_DEVICE_FAMILY = "1,2";
				TEST_HOST = "$(BUILT_PRODUCTS_DIR)/Passtify.app/$(BUNDLE_EXECUTABLE_FOLDER_PATH)/Passtify";
			};
			name = Release;
		};
		6B4D8BE52DC0C93E00103278 /* Debug */ = {
			isa = XCBuildConfiguration;
			buildSettings = {
				ALWAYS_EMBED_SWIFT_STANDARD_LIBRARIES = YES;
				CODE_SIGN_STYLE = Automatic;
				CURRENT_PROJECT_VERSION = 1;
				DEVELOPMENT_TEAM = 56883AFW3F;
				GENERATE_INFOPLIST_FILE = YES;
				MARKETING_VERSION = 1.0;
				PRODUCT_BUNDLE_IDENTIFIER = longphan.PasstifyUITests;
				PRODUCT_NAME = "$(TARGET_NAME)";
				SWIFT_EMIT_LOC_STRINGS = NO;
				SWIFT_VERSION = 5.0;
				TARGETED_DEVICE_FAMILY = "1,2";
				TEST_TARGET_NAME = Passtify;
			};
			name = Debug;
		};
		6B4D8BE62DC0C93E00103278 /* Release */ = {
			isa = XCBuildConfiguration;
			buildSettings = {
				ALWAYS_EMBED_SWIFT_STANDARD_LIBRARIES = YES;
				CODE_SIGN_STYLE = Automatic;
				CURRENT_PROJECT_VERSION = 1;
				DEVELOPMENT_TEAM = 56883AFW3F;
				GENERATE_INFOPLIST_FILE = YES;
				MARKETING_VERSION = 1.0;
				PRODUCT_BUNDLE_IDENTIFIER = longphan.PasstifyUITests;
				PRODUCT_NAME = "$(TARGET_NAME)";
				SWIFT_EMIT_LOC_STRINGS = NO;
				SWIFT_VERSION = 5.0;
				TARGETED_DEVICE_FAMILY = "1,2";
				TEST_TARGET_NAME = Passtify;
			};
			name = Release;
		};
/* End XCBuildConfiguration section */

/* Begin XCConfigurationList section */
		6B4D8BB52DC0C93B00103278 /* Build configuration list for PBXProject "Passtify" */ = {
			isa = XCConfigurationList;
			buildConfigurations = (
				6B4D8BDC2DC0C93E00103278 /* Debug */,
				6B4D8BDD2DC0C93E00103278 /* Release */,
			);
			defaultConfigurationIsVisible = 0;
			defaultConfigurationName = Release;
		};
		6B4D8BDE2DC0C93E00103278 /* Build configuration list for PBXNativeTarget "Passtify" */ = {
			isa = XCConfigurationList;
			buildConfigurations = (
				6B4D8BDF2DC0C93E00103278 /* Debug */,
				6B4D8BE02DC0C93E00103278 /* Release */,
			);
			defaultConfigurationIsVisible = 0;
			defaultConfigurationName = Release;
		};
		6B4D8BE12DC0C93E00103278 /* Build configuration list for PBXNativeTarget "PasstifyTests" */ = {
			isa = XCConfigurationList;
			buildConfigurations = (
				6B4D8BE22DC0C93E00103278 /* Debug */,
				6B4D8BE32DC0C93E00103278 /* Release */,
			);
			defaultConfigurationIsVisible = 0;
			defaultConfigurationName = Release;
		};
		6B4D8BE42DC0C93E00103278 /* Build configuration list for PBXNativeTarget "PasstifyUITests" */ = {
			isa = XCConfigurationList;
			buildConfigurations = (
				6B4D8BE52DC0C93E00103278 /* Debug */,
				6B4D8BE62DC0C93E00103278 /* Release */,
			);
			defaultConfigurationIsVisible = 0;
			defaultConfigurationName = Release;
		};
/* End XCConfigurationList section */
	};
	rootObject = 6B4D8BB22DC0C93B00103278 /* Project object */;
}
